// !$*UTF8*$!
{
	archiveVersion = 1;
	classes = {
	};
	objectVersion = 46;
	objects = {

/* Begin PBXBuildFile section */
		B4BFAE9A1942F3A000251754 /* Foundation.framework in Frameworks */ = {isa = PBXBuildFile; fileRef = B4BFAE991942F3A000251754 /* Foundation.framework */; };
		B4BFAE9C1942F3A000251754 /* CoreGraphics.framework in Frameworks */ = {isa = PBXBuildFile; fileRef = B4BFAE9B1942F3A000251754 /* CoreGraphics.framework */; };
		B4BFAE9E1942F3A000251754 /* UIKit.framework in Frameworks */ = {isa = PBXBuildFile; fileRef = B4BFAE9D1942F3A000251754 /* UIKit.framework */; };
		B4BFAEA41942F3A000251754 /* InfoPlist.strings in Resources */ = {isa = PBXBuildFile; fileRef = B4BFAEA21942F3A000251754 /* InfoPlist.strings */; };
		B4BFAEA61942F3A000251754 /* main.m in Sources */ = {isa = PBXBuildFile; fileRef = B4BFAEA51942F3A000251754 /* main.m */; };
		B4BFAEAA1942F3A000251754 /* AppDelegate.m in Sources */ = {isa = PBXBuildFile; fileRef = B4BFAEA91942F3A000251754 /* AppDelegate.m */; };
		B4BFAEAD1942F3A000251754 /* Main.storyboard in Resources */ = {isa = PBXBuildFile; fileRef = B4BFAEAB1942F3A000251754 /* Main.storyboard */; };
		B4BFAEB01942F3A000251754 /* ViewController.m in Sources */ = {isa = PBXBuildFile; fileRef = B4BFAEAF1942F3A000251754 /* ViewController.m */; };
		B4BFAEB21942F3A000251754 /* Images.xcassets in Resources */ = {isa = PBXBuildFile; fileRef = B4BFAEB11942F3A000251754 /* Images.xcassets */; };
		B4BFAEB91942F3A000251754 /* XCTest.framework in Frameworks */ = {isa = PBXBuildFile; fileRef = B4BFAEB81942F3A000251754 /* XCTest.framework */; };
		B4BFAEBA1942F3A000251754 /* Foundation.framework in Frameworks */ = {isa = PBXBuildFile; fileRef = B4BFAE991942F3A000251754 /* Foundation.framework */; };
		B4BFAEBB1942F3A000251754 /* UIKit.framework in Frameworks */ = {isa = PBXBuildFile; fileRef = B4BFAE9D1942F3A000251754 /* UIKit.framework */; };
		B4BFAEC31942F3A000251754 /* InfoPlist.strings in Resources */ = {isa = PBXBuildFile; fileRef = B4BFAEC11942F3A000251754 /* InfoPlist.strings */; };
		B4BFAEC51942F3A000251754 /* Ex022Tests.m in Sources */ = {isa = PBXBuildFile; fileRef = B4BFAEC41942F3A000251754 /* Ex022Tests.m */; };
		B4BFAED01942F3FC00251754 /* CalciTax.m in Sources */ = {isa = PBXBuildFile; fileRef = B4BFAECF1942F3FC00251754 /* CalciTax.m */; };
/* End PBXBuildFile section */

/* Begin PBXContainerItemProxy section */
		B4BFAEBC1942F3A000251754 /* PBXContainerItemProxy */ = {
			isa = PBXContainerItemProxy;
			containerPortal = B4BFAE8E1942F3A000251754 /* Project object */;
			proxyType = 1;
			remoteGlobalIDString = B4BFAE951942F3A000251754;
			remoteInfo = Ex022;
		};
/* End PBXContainerItemProxy section */

/* Begin PBXFileReference section */
		B4BFAE961942F3A000251754 /* Ex022.app */ = {isa = PBXFileReference; explicitFileType = wrapper.application; includeInIndex = 0; path = Ex022.app; sourceTree = BUILT_PRODUCTS_DIR; };
		B4BFAE991942F3A000251754 /* Foundation.framework */ = {isa = PBXFileReference; lastKnownFileType = wrapper.framework; name = Foundation.framework; path = System/Library/Frameworks/Foundation.framework; sourceTree = SDKROOT; };
		B4BFAE9B1942F3A000251754 /* CoreGraphics.framework */ = {isa = PBXFileReference; lastKnownFileType = wrapper.framework; name = CoreGraphics.framework; path = System/Library/Frameworks/CoreGraphics.framework; sourceTree = SDKROOT; };
		B4BFAE9D1942F3A000251754 /* UIKit.framework */ = {isa = PBXFileReference; lastKnownFileType = wrapper.framework; name = UIKit.framework; path = System/Library/Frameworks/UIKit.framework; sourceTree = SDKROOT; };
		B4BFAEA11942F3A000251754 /* Ex022-Info.plist */ = {isa = PBXFileReference; lastKnownFileType = text.plist.xml; path = "Ex022-Info.plist"; sourceTree = "<group>"; };
		B4BFAEA31942F3A000251754 /* en */ = {isa = PBXFileReference; lastKnownFileType = text.plist.strings; name = en; path = en.lproj/InfoPlist.strings; sourceTree = "<group>"; };
		B4BFAEA51942F3A000251754 /* main.m */ = {isa = PBXFileReference; lastKnownFileType = sourcecode.c.objc; path = main.m; sourceTree = "<group>"; };
		B4BFAEA71942F3A000251754 /* Ex022-Prefix.pch */ = {isa = PBXFileReference; lastKnownFileType = sourcecode.c.h; path = "Ex022-Prefix.pch"; sourceTree = "<group>"; };
		B4BFAEA81942F3A000251754 /* AppDelegate.h */ = {isa = PBXFileReference; lastKnownFileType = sourcecode.c.h; path = AppDelegate.h; sourceTree = "<group>"; };
		B4BFAEA91942F3A000251754 /* AppDelegate.m */ = {isa = PBXFileReference; lastKnownFileType = sourcecode.c.objc; path = AppDelegate.m; sourceTree = "<group>"; };
		B4BFAEAC1942F3A000251754 /* Base */ = {isa = PBXFileReference; lastKnownFileType = file.storyboard; name = Base; path = Base.lproj/Main.storyboard; sourceTree = "<group>"; };
		B4BFAEAE1942F3A000251754 /* ViewController.h */ = {isa = PBXFileReference; lastKnownFileType = sourcecode.c.h; path = ViewController.h; sourceTree = "<group>"; };
		B4BFAEAF1942F3A000251754 /* ViewController.m */ = {isa = PBXFileReference; lastKnownFileType = sourcecode.c.objc; path = ViewController.m; sourceTree = "<group>"; };
		B4BFAEB11942F3A000251754 /* Images.xcassets */ = {isa = PBXFileReference; lastKnownFileType = folder.assetcatalog; path = Images.xcassets; sourceTree = "<group>"; };
		B4BFAEB71942F3A000251754 /* Ex022Tests.xctest */ = {isa = PBXFileReference; explicitFileType = wrapper.cfbundle; includeInIndex = 0; path = Ex022Tests.xctest; sourceTree = BUILT_PRODUCTS_DIR; };
		B4BFAEB81942F3A000251754 /* XCTest.framework */ = {isa = PBXFileReference; lastKnownFileType = wrapper.framework; name = XCTest.framework; path = Library/Frameworks/XCTest.framework; sourceTree = DEVELOPER_DIR; };
		B4BFAEC01942F3A000251754 /* Ex022Tests-Info.plist */ = {isa = PBXFileReference; lastKnownFileType = text.plist.xml; path = "Ex022Tests-Info.plist"; sourceTree = "<group>"; };
		B4BFAEC21942F3A000251754 /* en */ = {isa = PBXFileReference; lastKnownFileType = text.plist.strings; name = en; path = en.lproj/InfoPlist.strings; sourceTree = "<group>"; };
		B4BFAEC41942F3A000251754 /* Ex022Tests.m */ = {isa = PBXFileReference; lastKnownFileType = sourcecode.c.objc; path = Ex022Tests.m; sourceTree = "<group>"; };
		B4BFAECE1942F3FC00251754 /* CalciTax.h */ = {isa = PBXFileReference; fileEncoding = 4; lastKnownFileType = sourcecode.c.h; path = CalciTax.h; sourceTree = "<group>"; };
		B4BFAECF1942F3FC00251754 /* CalciTax.m */ = {isa = PBXFileReference; fileEncoding = 4; lastKnownFileType = sourcecode.c.objc; path = CalciTax.m; sourceTree = "<group>"; };
/* End PBXFileReference section */

/* Begin PBXFrameworksBuildPhase section */
		B4BFAE931942F3A000251754 /* Frameworks */ = {
			isa = PBXFrameworksBuildPhase;
			buildActionMask = 2147483647;
			files = (
				B4BFAE9C1942F3A000251754 /* CoreGraphics.framework in Frameworks */,
				B4BFAE9E1942F3A000251754 /* UIKit.framework in Frameworks */,
				B4BFAE9A1942F3A000251754 /* Foundation.framework in Frameworks */,
			);
			runOnlyForDeploymentPostprocessing = 0;
		};
		B4BFAEB41942F3A000251754 /* Frameworks */ = {
			isa = PBXFrameworksBuildPhase;
			buildActionMask = 2147483647;
			files = (
				B4BFAEB91942F3A000251754 /* XCTest.framework in Frameworks */,
				B4BFAEBB1942F3A000251754 /* UIKit.framework in Frameworks */,
				B4BFAEBA1942F3A000251754 /* Foundation.framework in Frameworks */,
			);
			runOnlyForDeploymentPostprocessing = 0;
		};
/* End PBXFrameworksBuildPhase section */

/* Begin PBXGroup section */
		B4BFAE8D1942F3A000251754 = {
			isa = PBXGroup;
			children = (
				B4BFAE9F1942F3A000251754 /* Ex022 */,
				B4BFAEBE1942F3A000251754 /* Ex022Tests */,
				B4BFAE981942F3A000251754 /* Frameworks */,
				B4BFAE971942F3A000251754 /* Products */,
			);
			sourceTree = "<group>";
		};
		B4BFAE971942F3A000251754 /* Products */ = {
			isa = PBXGroup;
			children = (
				B4BFAE961942F3A000251754 /* Ex022.app */,
				B4BFAEB71942F3A000251754 /* Ex022Tests.xctest */,
			);
			name = Products;
			sourceTree = "<group>";
		};
		B4BFAE981942F3A000251754 /* Frameworks */ = {
			isa = PBXGroup;
			children = (
				B4BFAE991942F3A000251754 /* Foundation.framework */,
				B4BFAE9B1942F3A000251754 /* CoreGraphics.framework */,
				B4BFAE9D1942F3A000251754 /* UIKit.framework */,
				B4BFAEB81942F3A000251754 /* XCTest.framework */,
			);
			name = Frameworks;
			sourceTree = "<group>";
		};
		B4BFAE9F1942F3A000251754 /* Ex022 */ = {
			isa = PBXGroup;
			children = (
				B4BFAEA81942F3A000251754 /* AppDelegate.h */,
				B4BFAEA91942F3A000251754 /* AppDelegate.m */,
				B4BFAEAB1942F3A000251754 /* Main.storyboard */,
				B4BFAEAE1942F3A000251754 /* ViewController.h */,
				B4BFAEAF1942F3A000251754 /* ViewController.m */,
				B4BFAEB11942F3A000251754 /* Images.xcassets */,
				B4BFAEA01942F3A000251754 /* Supporting Files */,
				B4BFAECE1942F3FC00251754 /* CalciTax.h */,
				B4BFAECF1942F3FC00251754 /* CalciTax.m */,
			);
			path = Ex022;
			sourceTree = "<group>";
		};
		B4BFAEA01942F3A000251754 /* Supporting Files */ = {
			isa = PBXGroup;
			children = (
				B4BFAEA11942F3A000251754 /* Ex022-Info.plist */,
				B4BFAEA21942F3A000251754 /* InfoPlist.strings */,
				B4BFAEA51942F3A000251754 /* main.m */,
				B4BFAEA71942F3A000251754 /* Ex022-Prefix.pch */,
			);
			name = "Supporting Files";
			sourceTree = "<group>";
		};
		B4BFAEBE1942F3A000251754 /* Ex022Tests */ = {
			isa = PBXGroup;
			children = (
				B4BFAEC41942F3A000251754 /* Ex022Tests.m */,
				B4BFAEBF1942F3A000251754 /* Supporting Files */,
			);
			path = Ex022Tests;
			sourceTree = "<group>";
		};
		B4BFAEBF1942F3A000251754 /* Supporting Files */ = {
			isa = PBXGroup;
			children = (
				B4BFAEC01942F3A000251754 /* Ex022Tests-Info.plist */,
				B4BFAEC11942F3A000251754 /* InfoPlist.strings */,
			);
			name = "Supporting Files";
			sourceTree = "<group>";
		};
/* End PBXGroup section */

/* Begin PBXNativeTarget section */
		B4BFAE951942F3A000251754 /* Ex022 */ = {
			isa = PBXNativeTarget;
			buildConfigurationList = B4BFAEC81942F3A000251754 /* Build configuration list for PBXNativeTarget "Ex022" */;
			buildPhases = (
				B4BFAE921942F3A000251754 /* Sources */,
				B4BFAE931942F3A000251754 /* Frameworks */,
				B4BFAE941942F3A000251754 /* Resources */,
			);
			buildRules = (
			);
			dependencies = (
			);
			name = Ex022;
			productName = Ex022;
			productReference = B4BFAE961942F3A000251754 /* Ex022.app */;
			productType = "com.apple.product-type.application";
		};
		B4BFAEB61942F3A000251754 /* Ex022Tests */ = {
			isa = PBXNativeTarget;
			buildConfigurationList = B4BFAECB1942F3A000251754 /* Build configuration list for PBXNativeTarget "Ex022Tests" */;
			buildPhases = (
				B4BFAEB31942F3A000251754 /* Sources */,
				B4BFAEB41942F3A000251754 /* Frameworks */,
				B4BFAEB51942F3A000251754 /* Resources */,
			);
			buildRules = (
			);
			dependencies = (
				B4BFAEBD1942F3A000251754 /* PBXTargetDependency */,
			);
			name = Ex022Tests;
			productName = Ex022Tests;
			productReference = B4BFAEB71942F3A000251754 /* Ex022Tests.xctest */;
			productType = "com.apple.product-type.bundle.unit-test";
		};
/* End PBXNativeTarget section */

/* Begin PBXProject section */
		B4BFAE8E1942F3A000251754 /* Project object */ = {
			isa = PBXProject;
			attributes = {
				LastUpgradeCheck = 0510;
				ORGANIZATIONNAME = nakasen.com;
				TargetAttributes = {
					B4BFAEB61942F3A000251754 = {
						TestTargetID = B4BFAE951942F3A000251754;
					};
				};
			};
			buildConfigurationList = B4BFAE911942F3A000251754 /* Build configuration list for PBXProject "Ex022" */;
			compatibilityVersion = "Xcode 3.2";
			developmentRegion = English;
			hasScannedForEncodings = 0;
			knownRegions = (
				en,
				Base,
			);
			mainGroup = B4BFAE8D1942F3A000251754;
			productRefGroup = B4BFAE971942F3A000251754 /* Products */;
			projectDirPath = "";
			projectRoot = "";
			targets = (
				B4BFAE951942F3A000251754 /* Ex022 */,
				B4BFAEB61942F3A000251754 /* Ex022Tests */,
			);
		};
/* End PBXProject section */

/* Begin PBXResourcesBuildPhase section */
		B4BFAE941942F3A000251754 /* Resources */ = {
			isa = PBXResourcesBuildPhase;
			buildActionMask = 2147483647;
			files = (
				B4BFAEB21942F3A000251754 /* Images.xcassets in Resources */,
				B4BFAEA41942F3A000251754 /* InfoPlist.strings in Resources */,
				B4BFAEAD1942F3A000251754 /* Main.storyboard in Resources */,
			);
			runOnlyForDeploymentPostprocessing = 0;
		};
		B4BFAEB51942F3A000251754 /* Resources */ = {
			isa = PBXResourcesBuildPhase;
			buildActionMask = 2147483647;
			files = (
				B4BFAEC31942F3A000251754 /* InfoPlist.strings in Resources */,
			);
			runOnlyForDeploymentPostprocessing = 0;
		};
/* End PBXResourcesBuildPhase section */

/* Begin PBXSourcesBuildPhase section */
		B4BFAE921942F3A000251754 /* Sources */ = {
			isa = PBXSourcesBuildPhase;
			buildActionMask = 2147483647;
			files = (
				B4BFAEB01942F3A000251754 /* ViewController.m in Sources */,
				B4BFAEAA1942F3A000251754 /* AppDelegate.m in Sources */,
				B4BFAED01942F3FC00251754 /* CalciTax.m in Sources */,
				B4BFAEA61942F3A000251754 /* main.m in Sources */,
			);
			runOnlyForDeploymentPostprocessing = 0;
		};
		B4BFAEB31942F3A000251754 /* Sources */ = {
			isa = PBXSourcesBuildPhase;
			buildActionMask = 2147483647;
			files = (
				B4BFAEC51942F3A000251754 /* Ex022Tests.m in Sources */,
			);
			runOnlyForDeploymentPostprocessing = 0;
		};
/* End PBXSourcesBuildPhase section */

/* Begin PBXTargetDependency section */
		B4BFAEBD1942F3A000251754 /* PBXTargetDependency */ = {
			isa = PBXTargetDependency;
			target = B4BFAE951942F3A000251754 /* Ex022 */;
			targetProxy = B4BFAEBC1942F3A000251754 /* PBXContainerItemProxy */;
		};
/* End PBXTargetDependency section */

/* Begin PBXVariantGroup section */
		B4BFAEA21942F3A000251754 /* InfoPlist.strings */ = {
			isa = PBXVariantGroup;
			children = (
				B4BFAEA31942F3A000251754 /* en */,
			);
			name = InfoPlist.strings;
			sourceTree = "<group>";
		};
		B4BFAEAB1942F3A000251754 /* Main.storyboard */ = {
			isa = PBXVariantGroup;
			children = (
				B4BFAEAC1942F3A000251754 /* Base */,
			);
			name = Main.storyboard;
			sourceTree = "<group>";
		};
		B4BFAEC11942F3A000251754 /* InfoPlist.strings */ = {
			isa = PBXVariantGroup;
			children = (
				B4BFAEC21942F3A000251754 /* en */,
			);
			name = InfoPlist.strings;
			sourceTree = "<group>";
		};
/* End PBXVariantGroup section */

/* Begin XCBuildConfiguration section */
		B4BFAEC61942F3A000251754 /* Debug */ = {
			isa = XCBuildConfiguration;
			buildSettings = {
				ALWAYS_SEARCH_USER_PATHS = NO;
				CLANG_CXX_LANGUAGE_STANDARD = "gnu++0x";
				CLANG_CXX_LIBRARY = "libc++";
				CLANG_ENABLE_MODULES = YES;
				CLANG_ENABLE_OBJC_ARC = YES;
				CLANG_WARN_BOOL_CONVERSION = YES;
				CLANG_WARN_CONSTANT_CONVERSION = YES;
				CLANG_WARN_DIRECT_OBJC_ISA_USAGE = YES_ERROR;
				CLANG_WARN_EMPTY_BODY = YES;
				CLANG_WARN_ENUM_CONVERSION = YES;
				CLANG_WARN_INT_CONVERSION = YES;
				CLANG_WARN_OBJC_ROOT_CLASS = YES_ERROR;
				CLANG_WARN__DUPLICATE_METHOD_MATCH = YES;
				"CODE_SIGN_IDENTITY[sdk=iphoneos*]" = "iPhone Developer";
				COPY_PHASE_STRIP = NO;
				GCC_C_LANGUAGE_STANDARD = gnu99;
				GCC_DYNAMIC_NO_PIC = NO;
				GCC_OPTIMIZATION_LEVEL = 0;
				GCC_PREPROCESSOR_DEFINITIONS = (
					"DEBUG=1",
					"$(inherited)",
				);
				GCC_SYMBOLS_PRIVATE_EXTERN = NO;
				GCC_WARN_64_TO_32_BIT_CONVERSION = YES;
				GCC_WARN_ABOUT_RETURN_TYPE = YES_ERROR;
				GCC_WARN_UNDECLARED_SELECTOR = YES;
				GCC_WARN_UNINITIALIZED_AUTOS = YES_AGGRESSIVE;
				GCC_WARN_UNUSED_FUNCTION = YES;
				GCC_WARN_UNUSED_VARIABLE = YES;
				IPHONEOS_DEPLOYMENT_TARGET = 7.1;
				ONLY_ACTIVE_ARCH = YES;
				SDKROOT = iphoneos;
			};
			name = Debug;
		};
		B4BFAEC71942F3A000251754 /* Release */ = {
			isa = XCBuildConfiguration;
			buildSettings = {
				ALWAYS_SEARCH_USER_PATHS = NO;
				CLANG_CXX_LANGUAGE_STANDARD = "gnu++0x";
				CLANG_CXX_LIBRARY = "libc++";
				CLANG_ENABLE_MODULES = YES;
				CLANG_ENABLE_OBJC_ARC = YES;
				CLANG_WARN_BOOL_CONVERSION = YES;
				CLANG_WARN_CONSTANT_CONVERSION = YES;
				CLANG_WARN_DIRECT_OBJC_ISA_USAGE = YES_ERROR;
				CLANG_WARN_EMPTY_BODY = YES;
				CLANG_WARN_ENUM_CONVERSION = YES;
				CLANG_WARN_INT_CONVERSION = YES;
				CLANG_WARN_OBJC_ROOT_CLASS = YES_ERROR;
				CLANG_WARN__DUPLICATE_METHOD_MATCH = YES;
				"CODE_SIGN_IDENTITY[sdk=iphoneos*]" = "iPhone Developer";
				COPY_PHASE_STRIP = YES;
				ENABLE_NS_ASSERTIONS = NO;
				GCC_C_LANGUAGE_STANDARD = gnu99;
				GCC_WARN_64_TO_32_BIT_CONVERSION = YES;
				GCC_WARN_ABOUT_RETURN_TYPE = YES_ERROR;
				GCC_WARN_UNDECLARED_SELECTOR = YES;
				GCC_WARN_UNINITIALIZED_AUTOS = YES_AGGRESSIVE;
				GCC_WARN_UNUSED_FUNCTION = YES;
				GCC_WARN_UNUSED_VARIABLE = YES;
				IPHONEOS_DEPLOYMENT_TARGET = 7.1;
				SDKROOT = iphoneos;
				VALIDATE_PRODUCT = YES;
			};
			name = Release;
		};
		B4BFAEC91942F3A000251754 /* Debug */ = {
			isa = XCBuildConfiguration;
			buildSettings = {
				ASSETCATALOG_COMPILER_APPICON_NAME = AppIcon;
				ASSETCATALOG_COMPILER_LAUNCHIMAGE_NAME = LaunchImage;
				GCC_PRECOMPILE_PREFIX_HEADER = YES;
				GCC_PREFIX_HEADER = "Ex022/Ex022-Prefix.pch";
				INFOPLIST_FILE = "Ex022/Ex022-Info.plist";
				PRODUCT_NAME = "$(TARGET_NAME)";
				WRAPPER_EXTENSION = app;
			};
			name = Debug;
		};
		B4BFAECA1942F3A000251754 /* Release */ = {
			isa = XCBuildConfiguration;
			buildSettings = {
				ASSETCATALOG_COMPILER_APPICON_NAME = AppIcon;
				ASSETCATALOG_COMPILER_LAUNCHIMAGE_NAME = LaunchImage;
				GCC_PRECOMPILE_PREFIX_HEADER = YES;
				GCC_PREFIX_HEADER = "Ex022/Ex022-Prefix.pch";
				INFOPLIST_FILE = "Ex022/Ex022-Info.plist";
				PRODUCT_NAME = "$(TARGET_NAME)";
				WRAPPER_EXTENSION = app;
			};
			name = Release;
		};
		B4BFAECC1942F3A000251754 /* Debug */ = {
			isa = XCBuildConfiguration;
			buildSettings = {
				BUNDLE_LOADER = "$(BUILT_PRODUCTS_DIR)/Ex022.app/Ex022";
				FRAMEWORK_SEARCH_PATHS = (
					"$(SDKROOT)/Developer/Library/Frameworks",
					"$(inherited)",
					"$(DEVELOPER_FRAMEWORKS_DIR)",
				);
				GCC_PRECOMPILE_PREFIX_HEADER = YES;
				GCC_PREFIX_HEADER = "Ex022/Ex022-Prefix.pch";
				GCC_PREPROCESSOR_DEFINITIONS = (
					"DEBUG=1",
					"$(inherited)",
				);
				INFOPLIST_FILE = "Ex022Tests/Ex022Tests-Info.plist";
				PRODUCT_NAME = "$(TARGET_NAME)";
				TEST_HOST = "$(BUNDLE_LOADER)";
				WRAPPER_EXTENSION = xctest;
			};
			name = Debug;
		};
		B4BFAECD1942F3A000251754 /* Release */ = {
			isa = XCBuildConfiguration;
			buildSettings = {
				BUNDLE_LOADER = "$(BUILT_PRODUCTS_DIR)/Ex022.app/Ex022";
				FRAMEWORK_SEARCH_PATHS = (
					"$(SDKROOT)/Developer/Library/Frameworks",
					"$(inherited)",
					"$(DEVELOPER_FRAMEWORKS_DIR)",
				);
				GCC_PRECOMPILE_PREFIX_HEADER = YES;
				GCC_PREFIX_HEADER = "Ex022/Ex022-Prefix.pch";
				INFOPLIST_FILE = "Ex022Tests/Ex022Tests-Info.plist";
				PRODUCT_NAME = "$(TARGET_NAME)";
				TEST_HOST = "$(BUNDLE_LOADER)";
				WRAPPER_EXTENSION = xctest;
			};
			name = Release;
		};
/* End XCBuildConfiguration section */

/* Begin XCConfigurationList section */
		B4BFAE911942F3A000251754 /* Build configuration list for PBXProject "Ex022" */ = {
			isa = XCConfigurationList;
			buildConfigurations = (
				B4BFAEC61942F3A000251754 /* Debug */,
				B4BFAEC71942F3A000251754 /* Release */,
			);
			defaultConfigurationIsVisible = 0;
			defaultConfigurationName = Release;
		};
		B4BFAEC81942F3A000251754 /* Build configuration list for PBXNativeTarget "Ex022" */ = {
			isa = XCConfigurationList;
			buildConfigurations = (
				B4BFAEC91942F3A000251754 /* Debug */,
				B4BFAECA1942F3A000251754 /* Release */,
			);
			defaultConfigurationIsVisible = 0;
		};
		B4BFAECB1942F3A000251754 /* Build configuration list for PBXNativeTarget "Ex022Tests" */ = {
			isa = XCConfigurationList;
			buildConfigurations = (
				B4BFAECC1942F3A000251754 /* Debug */,
				B4BFAECD1942F3A000251754 /* Release */,
			);
			defaultConfigurationIsVisible = 0;
		};
/* End XCConfigurationList section */
	};
	rootObject = B4BFAE8E1942F3A000251754 /* Project object */;
}
