// !$*UTF8*$!
{
	archiveVersion = 1;
	classes = {
	};
	objectVersion = 46;
	objects = {

/* Begin PBXBuildFile section */
		B4D5C6F718F2C24D00F220A2 /* Foundation.framework in Frameworks */ = {isa = PBXBuildFile; fileRef = B4D5C6F618F2C24D00F220A2 /* Foundation.framework */; };
		B4D5C6F918F2C24D00F220A2 /* CoreGraphics.framework in Frameworks */ = {isa = PBXBuildFile; fileRef = B4D5C6F818F2C24D00F220A2 /* CoreGraphics.framework */; };
		B4D5C6FB18F2C24D00F220A2 /* UIKit.framework in Frameworks */ = {isa = PBXBuildFile; fileRef = B4D5C6FA18F2C24D00F220A2 /* UIKit.framework */; };
		B4D5C70118F2C24D00F220A2 /* InfoPlist.strings in Resources */ = {isa = PBXBuildFile; fileRef = B4D5C6FF18F2C24D00F220A2 /* InfoPlist.strings */; };
		B4D5C70318F2C24D00F220A2 /* main.m in Sources */ = {isa = PBXBuildFile; fileRef = B4D5C70218F2C24D00F220A2 /* main.m */; };
		B4D5C70718F2C24D00F220A2 /* AppDelegate.m in Sources */ = {isa = PBXBuildFile; fileRef = B4D5C70618F2C24D00F220A2 /* AppDelegate.m */; };
		B4D5C70A18F2C24D00F220A2 /* Main.storyboard in Resources */ = {isa = PBXBuildFile; fileRef = B4D5C70818F2C24D00F220A2 /* Main.storyboard */; };
		B4D5C70D18F2C24D00F220A2 /* ViewController.m in Sources */ = {isa = PBXBuildFile; fileRef = B4D5C70C18F2C24D00F220A2 /* ViewController.m */; };
		B4D5C70F18F2C24D00F220A2 /* Images.xcassets in Resources */ = {isa = PBXBuildFile; fileRef = B4D5C70E18F2C24D00F220A2 /* Images.xcassets */; };
		B4D5C71618F2C24D00F220A2 /* XCTest.framework in Frameworks */ = {isa = PBXBuildFile; fileRef = B4D5C71518F2C24D00F220A2 /* XCTest.framework */; };
		B4D5C71718F2C24D00F220A2 /* Foundation.framework in Frameworks */ = {isa = PBXBuildFile; fileRef = B4D5C6F618F2C24D00F220A2 /* Foundation.framework */; };
		B4D5C71818F2C24D00F220A2 /* UIKit.framework in Frameworks */ = {isa = PBXBuildFile; fileRef = B4D5C6FA18F2C24D00F220A2 /* UIKit.framework */; };
		B4D5C72018F2C24D00F220A2 /* InfoPlist.strings in Resources */ = {isa = PBXBuildFile; fileRef = B4D5C71E18F2C24D00F220A2 /* InfoPlist.strings */; };
		B4D5C72218F2C24D00F220A2 /* CustomCellSample01Tests.m in Sources */ = {isa = PBXBuildFile; fileRef = B4D5C72118F2C24D00F220A2 /* CustomCellSample01Tests.m */; };
		B4D5C73118F2C29B00F220A2 /* CustomTableViewCell.m in Sources */ = {isa = PBXBuildFile; fileRef = B4D5C72F18F2C29B00F220A2 /* CustomTableViewCell.m */; };
		B4D5C73218F2C29B00F220A2 /* CustomTableViewCell.xib in Resources */ = {isa = PBXBuildFile; fileRef = B4D5C73018F2C29B00F220A2 /* CustomTableViewCell.xib */; };
		B4D5C73518F2C2F900F220A2 /* ListTableViewController.m in Sources */ = {isa = PBXBuildFile; fileRef = B4D5C73418F2C2F900F220A2 /* ListTableViewController.m */; };
/* End PBXBuildFile section */

/* Begin PBXContainerItemProxy section */
		B4D5C71918F2C24D00F220A2 /* PBXContainerItemProxy */ = {
			isa = PBXContainerItemProxy;
			containerPortal = B4D5C6EB18F2C24D00F220A2 /* Project object */;
			proxyType = 1;
			remoteGlobalIDString = B4D5C6F218F2C24D00F220A2;
			remoteInfo = CustomCellSample01;
		};
/* End PBXContainerItemProxy section */

/* Begin PBXFileReference section */
		B4D5C6F318F2C24D00F220A2 /* CustomCellSample01.app */ = {isa = PBXFileReference; explicitFileType = wrapper.application; includeInIndex = 0; path = CustomCellSample01.app; sourceTree = BUILT_PRODUCTS_DIR; };
		B4D5C6F618F2C24D00F220A2 /* Foundation.framework */ = {isa = PBXFileReference; lastKnownFileType = wrapper.framework; name = Foundation.framework; path = System/Library/Frameworks/Foundation.framework; sourceTree = SDKROOT; };
		B4D5C6F818F2C24D00F220A2 /* CoreGraphics.framework */ = {isa = PBXFileReference; lastKnownFileType = wrapper.framework; name = CoreGraphics.framework; path = System/Library/Frameworks/CoreGraphics.framework; sourceTree = SDKROOT; };
		B4D5C6FA18F2C24D00F220A2 /* UIKit.framework */ = {isa = PBXFileReference; lastKnownFileType = wrapper.framework; name = UIKit.framework; path = System/Library/Frameworks/UIKit.framework; sourceTree = SDKROOT; };
		B4D5C6FE18F2C24D00F220A2 /* CustomCellSample01-Info.plist */ = {isa = PBXFileReference; lastKnownFileType = text.plist.xml; path = "CustomCellSample01-Info.plist"; sourceTree = "<group>"; };
		B4D5C70018F2C24D00F220A2 /* en */ = {isa = PBXFileReference; lastKnownFileType = text.plist.strings; name = en; path = en.lproj/InfoPlist.strings; sourceTree = "<group>"; };
		B4D5C70218F2C24D00F220A2 /* main.m */ = {isa = PBXFileReference; lastKnownFileType = sourcecode.c.objc; path = main.m; sourceTree = "<group>"; };
		B4D5C70418F2C24D00F220A2 /* CustomCellSample01-Prefix.pch */ = {isa = PBXFileReference; lastKnownFileType = sourcecode.c.h; path = "CustomCellSample01-Prefix.pch"; sourceTree = "<group>"; };
		B4D5C70518F2C24D00F220A2 /* AppDelegate.h */ = {isa = PBXFileReference; lastKnownFileType = sourcecode.c.h; path = AppDelegate.h; sourceTree = "<group>"; };
		B4D5C70618F2C24D00F220A2 /* AppDelegate.m */ = {isa = PBXFileReference; lastKnownFileType = sourcecode.c.objc; path = AppDelegate.m; sourceTree = "<group>"; };
		B4D5C70918F2C24D00F220A2 /* Base */ = {isa = PBXFileReference; lastKnownFileType = file.storyboard; name = Base; path = Base.lproj/Main.storyboard; sourceTree = "<group>"; };
		B4D5C70B18F2C24D00F220A2 /* ViewController.h */ = {isa = PBXFileReference; lastKnownFileType = sourcecode.c.h; path = ViewController.h; sourceTree = "<group>"; };
		B4D5C70C18F2C24D00F220A2 /* ViewController.m */ = {isa = PBXFileReference; lastKnownFileType = sourcecode.c.objc; path = ViewController.m; sourceTree = "<group>"; };
		B4D5C70E18F2C24D00F220A2 /* Images.xcassets */ = {isa = PBXFileReference; lastKnownFileType = folder.assetcatalog; path = Images.xcassets; sourceTree = "<group>"; };
		B4D5C71418F2C24D00F220A2 /* CustomCellSample01Tests.xctest */ = {isa = PBXFileReference; explicitFileType = wrapper.cfbundle; includeInIndex = 0; path = CustomCellSample01Tests.xctest; sourceTree = BUILT_PRODUCTS_DIR; };
		B4D5C71518F2C24D00F220A2 /* XCTest.framework */ = {isa = PBXFileReference; lastKnownFileType = wrapper.framework; name = XCTest.framework; path = Library/Frameworks/XCTest.framework; sourceTree = DEVELOPER_DIR; };
		B4D5C71D18F2C24D00F220A2 /* CustomCellSample01Tests-Info.plist */ = {isa = PBXFileReference; lastKnownFileType = text.plist.xml; path = "CustomCellSample01Tests-Info.plist"; sourceTree = "<group>"; };
		B4D5C71F18F2C24D00F220A2 /* en */ = {isa = PBXFileReference; lastKnownFileType = text.plist.strings; name = en; path = en.lproj/InfoPlist.strings; sourceTree = "<group>"; };
		B4D5C72118F2C24D00F220A2 /* CustomCellSample01Tests.m */ = {isa = PBXFileReference; lastKnownFileType = sourcecode.c.objc; path = CustomCellSample01Tests.m; sourceTree = "<group>"; };
		B4D5C72E18F2C29B00F220A2 /* CustomTableViewCell.h */ = {isa = PBXFileReference; fileEncoding = 4; lastKnownFileType = sourcecode.c.h; path = CustomTableViewCell.h; sourceTree = "<group>"; };
		B4D5C72F18F2C29B00F220A2 /* CustomTableViewCell.m */ = {isa = PBXFileReference; fileEncoding = 4; lastKnownFileType = sourcecode.c.objc; path = CustomTableViewCell.m; sourceTree = "<group>"; };
		B4D5C73018F2C29B00F220A2 /* CustomTableViewCell.xib */ = {isa = PBXFileReference; fileEncoding = 4; lastKnownFileType = file.xib; path = CustomTableViewCell.xib; sourceTree = "<group>"; };
		B4D5C73318F2C2F900F220A2 /* ListTableViewController.h */ = {isa = PBXFileReference; fileEncoding = 4; lastKnownFileType = sourcecode.c.h; path = ListTableViewController.h; sourceTree = "<group>"; };
		B4D5C73418F2C2F900F220A2 /* ListTableViewController.m */ = {isa = PBXFileReference; fileEncoding = 4; lastKnownFileType = sourcecode.c.objc; path = ListTableViewController.m; sourceTree = "<group>"; };
/* End PBXFileReference section */

/* Begin PBXFrameworksBuildPhase section */
		B4D5C6F018F2C24D00F220A2 /* Frameworks */ = {
			isa = PBXFrameworksBuildPhase;
			buildActionMask = 2147483647;
			files = (
				B4D5C6F918F2C24D00F220A2 /* CoreGraphics.framework in Frameworks */,
				B4D5C6FB18F2C24D00F220A2 /* UIKit.framework in Frameworks */,
				B4D5C6F718F2C24D00F220A2 /* Foundation.framework in Frameworks */,
			);
			runOnlyForDeploymentPostprocessing = 0;
		};
		B4D5C71118F2C24D00F220A2 /* Frameworks */ = {
			isa = PBXFrameworksBuildPhase;
			buildActionMask = 2147483647;
			files = (
				B4D5C71618F2C24D00F220A2 /* XCTest.framework in Frameworks */,
				B4D5C71818F2C24D00F220A2 /* UIKit.framework in Frameworks */,
				B4D5C71718F2C24D00F220A2 /* Foundation.framework in Frameworks */,
			);
			runOnlyForDeploymentPostprocessing = 0;
		};
/* End PBXFrameworksBuildPhase section */

/* Begin PBXGroup section */
		B4D5C6EA18F2C24D00F220A2 = {
			isa = PBXGroup;
			children = (
				B4D5C6FC18F2C24D00F220A2 /* CustomCellSample01 */,
				B4D5C71B18F2C24D00F220A2 /* CustomCellSample01Tests */,
				B4D5C6F518F2C24D00F220A2 /* Frameworks */,
				B4D5C6F418F2C24D00F220A2 /* Products */,
			);
			sourceTree = "<group>";
		};
		B4D5C6F418F2C24D00F220A2 /* Products */ = {
			isa = PBXGroup;
			children = (
				B4D5C6F318F2C24D00F220A2 /* CustomCellSample01.app */,
				B4D5C71418F2C24D00F220A2 /* CustomCellSample01Tests.xctest */,
			);
			name = Products;
			sourceTree = "<group>";
		};
		B4D5C6F518F2C24D00F220A2 /* Frameworks */ = {
			isa = PBXGroup;
			children = (
				B4D5C6F618F2C24D00F220A2 /* Foundation.framework */,
				B4D5C6F818F2C24D00F220A2 /* CoreGraphics.framework */,
				B4D5C6FA18F2C24D00F220A2 /* UIKit.framework */,
				B4D5C71518F2C24D00F220A2 /* XCTest.framework */,
			);
			name = Frameworks;
			sourceTree = "<group>";
		};
		B4D5C6FC18F2C24D00F220A2 /* CustomCellSample01 */ = {
			isa = PBXGroup;
			children = (
				B4D5C70518F2C24D00F220A2 /* AppDelegate.h */,
				B4D5C70618F2C24D00F220A2 /* AppDelegate.m */,
				B4D5C70818F2C24D00F220A2 /* Main.storyboard */,
				B4D5C70B18F2C24D00F220A2 /* ViewController.h */,
				B4D5C70C18F2C24D00F220A2 /* ViewController.m */,
				B4D5C70E18F2C24D00F220A2 /* Images.xcassets */,
				B4D5C6FD18F2C24D00F220A2 /* Supporting Files */,
				B4D5C73318F2C2F900F220A2 /* ListTableViewController.h */,
				B4D5C73418F2C2F900F220A2 /* ListTableViewController.m */,
				B4D5C72E18F2C29B00F220A2 /* CustomTableViewCell.h */,
				B4D5C72F18F2C29B00F220A2 /* CustomTableViewCell.m */,
				B4D5C73018F2C29B00F220A2 /* CustomTableViewCell.xib */,
			);
			path = CustomCellSample01;
			sourceTree = "<group>";
		};
		B4D5C6FD18F2C24D00F220A2 /* Supporting Files */ = {
			isa = PBXGroup;
			children = (
				B4D5C6FE18F2C24D00F220A2 /* CustomCellSample01-Info.plist */,
				B4D5C6FF18F2C24D00F220A2 /* InfoPlist.strings */,
				B4D5C70218F2C24D00F220A2 /* main.m */,
				B4D5C70418F2C24D00F220A2 /* CustomCellSample01-Prefix.pch */,
			);
			name = "Supporting Files";
			sourceTree = "<group>";
		};
		B4D5C71B18F2C24D00F220A2 /* CustomCellSample01Tests */ = {
			isa = PBXGroup;
			children = (
				B4D5C72118F2C24D00F220A2 /* CustomCellSample01Tests.m */,
				B4D5C71C18F2C24D00F220A2 /* Supporting Files */,
			);
			path = CustomCellSample01Tests;
			sourceTree = "<group>";
		};
		B4D5C71C18F2C24D00F220A2 /* Supporting Files */ = {
			isa = PBXGroup;
			children = (
				B4D5C71D18F2C24D00F220A2 /* CustomCellSample01Tests-Info.plist */,
				B4D5C71E18F2C24D00F220A2 /* InfoPlist.strings */,
			);
			name = "Supporting Files";
			sourceTree = "<group>";
		};
/* End PBXGroup section */

/* Begin PBXNativeTarget section */
		B4D5C6F218F2C24D00F220A2 /* CustomCellSample01 */ = {
			isa = PBXNativeTarget;
			buildConfigurationList = B4D5C72518F2C24D00F220A2 /* Build configuration list for PBXNativeTarget "CustomCellSample01" */;
			buildPhases = (
				B4D5C6EF18F2C24D00F220A2 /* Sources */,
				B4D5C6F018F2C24D00F220A2 /* Frameworks */,
				B4D5C6F118F2C24D00F220A2 /* Resources */,
			);
			buildRules = (
			);
			dependencies = (
			);
			name = CustomCellSample01;
			productName = CustomCellSample01;
			productReference = B4D5C6F318F2C24D00F220A2 /* CustomCellSample01.app */;
			productType = "com.apple.product-type.application";
		};
		B4D5C71318F2C24D00F220A2 /* CustomCellSample01Tests */ = {
			isa = PBXNativeTarget;
			buildConfigurationList = B4D5C72818F2C24D00F220A2 /* Build configuration list for PBXNativeTarget "CustomCellSample01Tests" */;
			buildPhases = (
				B4D5C71018F2C24D00F220A2 /* Sources */,
				B4D5C71118F2C24D00F220A2 /* Frameworks */,
				B4D5C71218F2C24D00F220A2 /* Resources */,
			);
			buildRules = (
			);
			dependencies = (
				B4D5C71A18F2C24D00F220A2 /* PBXTargetDependency */,
			);
			name = CustomCellSample01Tests;
			productName = CustomCellSample01Tests;
			productReference = B4D5C71418F2C24D00F220A2 /* CustomCellSample01Tests.xctest */;
			productType = "com.apple.product-type.bundle.unit-test";
		};
/* End PBXNativeTarget section */

/* Begin PBXProject section */
		B4D5C6EB18F2C24D00F220A2 /* Project object */ = {
			isa = PBXProject;
			attributes = {
				LastUpgradeCheck = 0510;
				ORGANIZATIONNAME = nakasen.com;
				TargetAttributes = {
					B4D5C71318F2C24D00F220A2 = {
						TestTargetID = B4D5C6F218F2C24D00F220A2;
					};
				};
			};
			buildConfigurationList = B4D5C6EE18F2C24D00F220A2 /* Build configuration list for PBXProject "CustomCellSample01" */;
			compatibilityVersion = "Xcode 3.2";
			developmentRegion = English;
			hasScannedForEncodings = 0;
			knownRegions = (
				en,
				Base,
			);
			mainGroup = B4D5C6EA18F2C24D00F220A2;
			productRefGroup = B4D5C6F418F2C24D00F220A2 /* Products */;
			projectDirPath = "";
			projectRoot = "";
			targets = (
				B4D5C6F218F2C24D00F220A2 /* CustomCellSample01 */,
				B4D5C71318F2C24D00F220A2 /* CustomCellSample01Tests */,
			);
		};
/* End PBXProject section */

/* Begin PBXResourcesBuildPhase section */
		B4D5C6F118F2C24D00F220A2 /* Resources */ = {
			isa = PBXResourcesBuildPhase;
			buildActionMask = 2147483647;
			files = (
				B4D5C70F18F2C24D00F220A2 /* Images.xcassets in Resources */,
				B4D5C70118F2C24D00F220A2 /* InfoPlist.strings in Resources */,
				B4D5C73218F2C29B00F220A2 /* CustomTableViewCell.xib in Resources */,
				B4D5C70A18F2C24D00F220A2 /* Main.storyboard in Resources */,
			);
			runOnlyForDeploymentPostprocessing = 0;
		};
		B4D5C71218F2C24D00F220A2 /* Resources */ = {
			isa = PBXResourcesBuildPhase;
			buildActionMask = 2147483647;
			files = (
				B4D5C72018F2C24D00F220A2 /* InfoPlist.strings in Resources */,
			);
			runOnlyForDeploymentPostprocessing = 0;
		};
/* End PBXResourcesBuildPhase section */

/* Begin PBXSourcesBuildPhase section */
		B4D5C6EF18F2C24D00F220A2 /* Sources */ = {
			isa = PBXSourcesBuildPhase;
			buildActionMask = 2147483647;
			files = (
				B4D5C70D18F2C24D00F220A2 /* ViewController.m in Sources */,
				B4D5C70718F2C24D00F220A2 /* AppDelegate.m in Sources */,
				B4D5C73118F2C29B00F220A2 /* CustomTableViewCell.m in Sources */,
				B4D5C70318F2C24D00F220A2 /* main.m in Sources */,
				B4D5C73518F2C2F900F220A2 /* ListTableViewController.m in Sources */,
			);
			runOnlyForDeploymentPostprocessing = 0;
		};
		B4D5C71018F2C24D00F220A2 /* Sources */ = {
			isa = PBXSourcesBuildPhase;
			buildActionMask = 2147483647;
			files = (
				B4D5C72218F2C24D00F220A2 /* CustomCellSample01Tests.m in Sources */,
			);
			runOnlyForDeploymentPostprocessing = 0;
		};
/* End PBXSourcesBuildPhase section */

/* Begin PBXTargetDependency section */
		B4D5C71A18F2C24D00F220A2 /* PBXTargetDependency */ = {
			isa = PBXTargetDependency;
			target = B4D5C6F218F2C24D00F220A2 /* CustomCellSample01 */;
			targetProxy = B4D5C71918F2C24D00F220A2 /* PBXContainerItemProxy */;
		};
/* End PBXTargetDependency section */

/* Begin PBXVariantGroup section */
		B4D5C6FF18F2C24D00F220A2 /* InfoPlist.strings */ = {
			isa = PBXVariantGroup;
			children = (
				B4D5C70018F2C24D00F220A2 /* en */,
			);
			name = InfoPlist.strings;
			sourceTree = "<group>";
		};
		B4D5C70818F2C24D00F220A2 /* Main.storyboard */ = {
			isa = PBXVariantGroup;
			children = (
				B4D5C70918F2C24D00F220A2 /* Base */,
			);
			name = Main.storyboard;
			sourceTree = "<group>";
		};
		B4D5C71E18F2C24D00F220A2 /* InfoPlist.strings */ = {
			isa = PBXVariantGroup;
			children = (
				B4D5C71F18F2C24D00F220A2 /* en */,
			);
			name = InfoPlist.strings;
			sourceTree = "<group>";
		};
/* End PBXVariantGroup section */

/* Begin XCBuildConfiguration section */
		B4D5C72318F2C24D00F220A2 /* Debug */ = {
			isa = XCBuildConfiguration;
			buildSettings = {
				ALWAYS_SEARCH_USER_PATHS = NO;
				CLANG_CXX_LANGUAGE_STANDARD = "gnu++0x";
				CLANG_CXX_LIBRARY = "libc++";
				CLANG_ENABLE_MODULES = YES;
				CLANG_ENABLE_OBJC_ARC = YES;
				CLANG_WARN_BOOL_CONVERSION = YES;
				CLANG_WARN_CONSTANT_CONVERSION = YES;
				CLANG_WARN_DIRECT_OBJC_ISA_USAGE = YES_ERROR;
				CLANG_WARN_EMPTY_BODY = YES;
				CLANG_WARN_ENUM_CONVERSION = YES;
				CLANG_WARN_INT_CONVERSION = YES;
				CLANG_WARN_OBJC_ROOT_CLASS = YES_ERROR;
				CLANG_WARN__DUPLICATE_METHOD_MATCH = YES;
				"CODE_SIGN_IDENTITY[sdk=iphoneos*]" = "iPhone Developer";
				COPY_PHASE_STRIP = NO;
				GCC_C_LANGUAGE_STANDARD = gnu99;
				GCC_DYNAMIC_NO_PIC = NO;
				GCC_OPTIMIZATION_LEVEL = 0;
				GCC_PREPROCESSOR_DEFINITIONS = (
					"DEBUG=1",
					"$(inherited)",
				);
				GCC_SYMBOLS_PRIVATE_EXTERN = NO;
				GCC_WARN_64_TO_32_BIT_CONVERSION = YES;
				GCC_WARN_ABOUT_RETURN_TYPE = YES_ERROR;
				GCC_WARN_UNDECLARED_SELECTOR = YES;
				GCC_WARN_UNINITIALIZED_AUTOS = YES_AGGRESSIVE;
				GCC_WARN_UNUSED_FUNCTION = YES;
				GCC_WARN_UNUSED_VARIABLE = YES;
				IPHONEOS_DEPLOYMENT_TARGET = 7.1;
				ONLY_ACTIVE_ARCH = YES;
				SDKROOT = iphoneos;
			};
			name = Debug;
		};
		B4D5C72418F2C24D00F220A2 /* Release */ = {
			isa = XCBuildConfiguration;
			buildSettings = {
				ALWAYS_SEARCH_USER_PATHS = NO;
				CLANG_CXX_LANGUAGE_STANDARD = "gnu++0x";
				CLANG_CXX_LIBRARY = "libc++";
				CLANG_ENABLE_MODULES = YES;
				CLANG_ENABLE_OBJC_ARC = YES;
				CLANG_WARN_BOOL_CONVERSION = YES;
				CLANG_WARN_CONSTANT_CONVERSION = YES;
				CLANG_WARN_DIRECT_OBJC_ISA_USAGE = YES_ERROR;
				CLANG_WARN_EMPTY_BODY = YES;
				CLANG_WARN_ENUM_CONVERSION = YES;
				CLANG_WARN_INT_CONVERSION = YES;
				CLANG_WARN_OBJC_ROOT_CLASS = YES_ERROR;
				CLANG_WARN__DUPLICATE_METHOD_MATCH = YES;
				"CODE_SIGN_IDENTITY[sdk=iphoneos*]" = "iPhone Developer";
				COPY_PHASE_STRIP = YES;
				ENABLE_NS_ASSERTIONS = NO;
				GCC_C_LANGUAGE_STANDARD = gnu99;
				GCC_WARN_64_TO_32_BIT_CONVERSION = YES;
				GCC_WARN_ABOUT_RETURN_TYPE = YES_ERROR;
				GCC_WARN_UNDECLARED_SELECTOR = YES;
				GCC_WARN_UNINITIALIZED_AUTOS = YES_AGGRESSIVE;
				GCC_WARN_UNUSED_FUNCTION = YES;
				GCC_WARN_UNUSED_VARIABLE = YES;
				IPHONEOS_DEPLOYMENT_TARGET = 7.1;
				SDKROOT = iphoneos;
				VALIDATE_PRODUCT = YES;
			};
			name = Release;
		};
		B4D5C72618F2C24D00F220A2 /* Debug */ = {
			isa = XCBuildConfiguration;
			buildSettings = {
				ASSETCATALOG_COMPILER_APPICON_NAME = AppIcon;
				ASSETCATALOG_COMPILER_LAUNCHIMAGE_NAME = LaunchImage;
				GCC_PRECOMPILE_PREFIX_HEADER = YES;
				GCC_PREFIX_HEADER = "CustomCellSample01/CustomCellSample01-Prefix.pch";
				INFOPLIST_FILE = "CustomCellSample01/CustomCellSample01-Info.plist";
				PRODUCT_NAME = "$(TARGET_NAME)";
				WRAPPER_EXTENSION = app;
			};
			name = Debug;
		};
		B4D5C72718F2C24D00F220A2 /* Release */ = {
			isa = XCBuildConfiguration;
			buildSettings = {
				ASSETCATALOG_COMPILER_APPICON_NAME = AppIcon;
				ASSETCATALOG_COMPILER_LAUNCHIMAGE_NAME = LaunchImage;
				GCC_PRECOMPILE_PREFIX_HEADER = YES;
				GCC_PREFIX_HEADER = "CustomCellSample01/CustomCellSample01-Prefix.pch";
				INFOPLIST_FILE = "CustomCellSample01/CustomCellSample01-Info.plist";
				PRODUCT_NAME = "$(TARGET_NAME)";
				WRAPPER_EXTENSION = app;
			};
			name = Release;
		};
		B4D5C72918F2C24D00F220A2 /* Debug */ = {
			isa = XCBuildConfiguration;
			buildSettings = {
				BUNDLE_LOADER = "$(BUILT_PRODUCTS_DIR)/CustomCellSample01.app/CustomCellSample01";
				FRAMEWORK_SEARCH_PATHS = (
					"$(SDKROOT)/Developer/Library/Frameworks",
					"$(inherited)",
					"$(DEVELOPER_FRAMEWORKS_DIR)",
				);
				GCC_PRECOMPILE_PREFIX_HEADER = YES;
				GCC_PREFIX_HEADER = "CustomCellSample01/CustomCellSample01-Prefix.pch";
				GCC_PREPROCESSOR_DEFINITIONS = (
					"DEBUG=1",
					"$(inherited)",
				);
				INFOPLIST_FILE = "CustomCellSample01Tests/CustomCellSample01Tests-Info.plist";
				PRODUCT_NAME = "$(TARGET_NAME)";
				TEST_HOST = "$(BUNDLE_LOADER)";
				WRAPPER_EXTENSION = xctest;
			};
			name = Debug;
		};
		B4D5C72A18F2C24D00F220A2 /* Release */ = {
			isa = XCBuildConfiguration;
			buildSettings = {
				BUNDLE_LOADER = "$(BUILT_PRODUCTS_DIR)/CustomCellSample01.app/CustomCellSample01";
				FRAMEWORK_SEARCH_PATHS = (
					"$(SDKROOT)/Developer/Library/Frameworks",
					"$(inherited)",
					"$(DEVELOPER_FRAMEWORKS_DIR)",
				);
				GCC_PRECOMPILE_PREFIX_HEADER = YES;
				GCC_PREFIX_HEADER = "CustomCellSample01/CustomCellSample01-Prefix.pch";
				INFOPLIST_FILE = "CustomCellSample01Tests/CustomCellSample01Tests-Info.plist";
				PRODUCT_NAME = "$(TARGET_NAME)";
				TEST_HOST = "$(BUNDLE_LOADER)";
				WRAPPER_EXTENSION = xctest;
			};
			name = Release;
		};
/* End XCBuildConfiguration section */

/* Begin XCConfigurationList section */
		B4D5C6EE18F2C24D00F220A2 /* Build configuration list for PBXProject "CustomCellSample01" */ = {
			isa = XCConfigurationList;
			buildConfigurations = (
				B4D5C72318F2C24D00F220A2 /* Debug */,
				B4D5C72418F2C24D00F220A2 /* Release */,
			);
			defaultConfigurationIsVisible = 0;
			defaultConfigurationName = Release;
		};
		B4D5C72518F2C24D00F220A2 /* Build configuration list for PBXNativeTarget "CustomCellSample01" */ = {
			isa = XCConfigurationList;
			buildConfigurations = (
				B4D5C72618F2C24D00F220A2 /* Debug */,
				B4D5C72718F2C24D00F220A2 /* Release */,
			);
			defaultConfigurationIsVisible = 0;
		};
		B4D5C72818F2C24D00F220A2 /* Build configuration list for PBXNativeTarget "CustomCellSample01Tests" */ = {
			isa = XCConfigurationList;
			buildConfigurations = (
				B4D5C72918F2C24D00F220A2 /* Debug */,
				B4D5C72A18F2C24D00F220A2 /* Release */,
			);
			defaultConfigurationIsVisible = 0;
		};
/* End XCConfigurationList section */
	};
	rootObject = B4D5C6EB18F2C24D00F220A2 /* Project object */;
}
