// !$*UTF8*$!
{
	archiveVersion = 1;
	classes = {
	};
	objectVersion = 46;
	objects = {

/* Begin PBXBuildFile section */
		B4B5BCA718EF95F300663044 /* Foundation.framework in Frameworks */ = {isa = PBXBuildFile; fileRef = B4B5BCA618EF95F300663044 /* Foundation.framework */; };
		B4B5BCA918EF95F300663044 /* CoreGraphics.framework in Frameworks */ = {isa = PBXBuildFile; fileRef = B4B5BCA818EF95F300663044 /* CoreGraphics.framework */; };
		B4B5BCAB18EF95F300663044 /* UIKit.framework in Frameworks */ = {isa = PBXBuildFile; fileRef = B4B5BCAA18EF95F300663044 /* UIKit.framework */; };
		B4B5BCB118EF95F300663044 /* InfoPlist.strings in Resources */ = {isa = PBXBuildFile; fileRef = B4B5BCAF18EF95F300663044 /* InfoPlist.strings */; };
		B4B5BCB318EF95F300663044 /* main.m in Sources */ = {isa = PBXBuildFile; fileRef = B4B5BCB218EF95F300663044 /* main.m */; };
		B4B5BCB718EF95F300663044 /* AppDelegate.m in Sources */ = {isa = PBXBuildFile; fileRef = B4B5BCB618EF95F300663044 /* AppDelegate.m */; };
		B4B5BCBA18EF95F300663044 /* Main.storyboard in Resources */ = {isa = PBXBuildFile; fileRef = B4B5BCB818EF95F300663044 /* Main.storyboard */; };
		B4B5BCBD18EF95F300663044 /* ViewController.m in Sources */ = {isa = PBXBuildFile; fileRef = B4B5BCBC18EF95F300663044 /* ViewController.m */; };
		B4B5BCBF18EF95F300663044 /* Images.xcassets in Resources */ = {isa = PBXBuildFile; fileRef = B4B5BCBE18EF95F300663044 /* Images.xcassets */; };
		B4B5BCC618EF95F300663044 /* XCTest.framework in Frameworks */ = {isa = PBXBuildFile; fileRef = B4B5BCC518EF95F300663044 /* XCTest.framework */; };
		B4B5BCC718EF95F300663044 /* Foundation.framework in Frameworks */ = {isa = PBXBuildFile; fileRef = B4B5BCA618EF95F300663044 /* Foundation.framework */; };
		B4B5BCC818EF95F300663044 /* UIKit.framework in Frameworks */ = {isa = PBXBuildFile; fileRef = B4B5BCAA18EF95F300663044 /* UIKit.framework */; };
		B4B5BCD018EF95F300663044 /* InfoPlist.strings in Resources */ = {isa = PBXBuildFile; fileRef = B4B5BCCE18EF95F300663044 /* InfoPlist.strings */; };
		B4B5BCD218EF95F300663044 /* Foundation01Tests.m in Sources */ = {isa = PBXBuildFile; fileRef = B4B5BCD118EF95F300663044 /* Foundation01Tests.m */; };
/* End PBXBuildFile section */

/* Begin PBXContainerItemProxy section */
		B4B5BCC918EF95F300663044 /* PBXContainerItemProxy */ = {
			isa = PBXContainerItemProxy;
			containerPortal = B4B5BC9B18EF95F300663044 /* Project object */;
			proxyType = 1;
			remoteGlobalIDString = B4B5BCA218EF95F300663044;
			remoteInfo = Foundation01;
		};
/* End PBXContainerItemProxy section */

/* Begin PBXFileReference section */
		B4B5BCA318EF95F300663044 /* Foundation01.app */ = {isa = PBXFileReference; explicitFileType = wrapper.application; includeInIndex = 0; path = Foundation01.app; sourceTree = BUILT_PRODUCTS_DIR; };
		B4B5BCA618EF95F300663044 /* Foundation.framework */ = {isa = PBXFileReference; lastKnownFileType = wrapper.framework; name = Foundation.framework; path = System/Library/Frameworks/Foundation.framework; sourceTree = SDKROOT; };
		B4B5BCA818EF95F300663044 /* CoreGraphics.framework */ = {isa = PBXFileReference; lastKnownFileType = wrapper.framework; name = CoreGraphics.framework; path = System/Library/Frameworks/CoreGraphics.framework; sourceTree = SDKROOT; };
		B4B5BCAA18EF95F300663044 /* UIKit.framework */ = {isa = PBXFileReference; lastKnownFileType = wrapper.framework; name = UIKit.framework; path = System/Library/Frameworks/UIKit.framework; sourceTree = SDKROOT; };
		B4B5BCAE18EF95F300663044 /* Foundation01-Info.plist */ = {isa = PBXFileReference; lastKnownFileType = text.plist.xml; path = "Foundation01-Info.plist"; sourceTree = "<group>"; };
		B4B5BCB018EF95F300663044 /* en */ = {isa = PBXFileReference; lastKnownFileType = text.plist.strings; name = en; path = en.lproj/InfoPlist.strings; sourceTree = "<group>"; };
		B4B5BCB218EF95F300663044 /* main.m */ = {isa = PBXFileReference; lastKnownFileType = sourcecode.c.objc; path = main.m; sourceTree = "<group>"; };
		B4B5BCB418EF95F300663044 /* Foundation01-Prefix.pch */ = {isa = PBXFileReference; lastKnownFileType = sourcecode.c.h; path = "Foundation01-Prefix.pch"; sourceTree = "<group>"; };
		B4B5BCB518EF95F300663044 /* AppDelegate.h */ = {isa = PBXFileReference; lastKnownFileType = sourcecode.c.h; path = AppDelegate.h; sourceTree = "<group>"; };
		B4B5BCB618EF95F300663044 /* AppDelegate.m */ = {isa = PBXFileReference; lastKnownFileType = sourcecode.c.objc; path = AppDelegate.m; sourceTree = "<group>"; };
		B4B5BCB918EF95F300663044 /* Base */ = {isa = PBXFileReference; lastKnownFileType = file.storyboard; name = Base; path = Base.lproj/Main.storyboard; sourceTree = "<group>"; };
		B4B5BCBB18EF95F300663044 /* ViewController.h */ = {isa = PBXFileReference; lastKnownFileType = sourcecode.c.h; path = ViewController.h; sourceTree = "<group>"; };
		B4B5BCBC18EF95F300663044 /* ViewController.m */ = {isa = PBXFileReference; lastKnownFileType = sourcecode.c.objc; path = ViewController.m; sourceTree = "<group>"; };
		B4B5BCBE18EF95F300663044 /* Images.xcassets */ = {isa = PBXFileReference; lastKnownFileType = folder.assetcatalog; path = Images.xcassets; sourceTree = "<group>"; };
		B4B5BCC418EF95F300663044 /* Foundation01Tests.xctest */ = {isa = PBXFileReference; explicitFileType = wrapper.cfbundle; includeInIndex = 0; path = Foundation01Tests.xctest; sourceTree = BUILT_PRODUCTS_DIR; };
		B4B5BCC518EF95F300663044 /* XCTest.framework */ = {isa = PBXFileReference; lastKnownFileType = wrapper.framework; name = XCTest.framework; path = Library/Frameworks/XCTest.framework; sourceTree = DEVELOPER_DIR; };
		B4B5BCCD18EF95F300663044 /* Foundation01Tests-Info.plist */ = {isa = PBXFileReference; lastKnownFileType = text.plist.xml; path = "Foundation01Tests-Info.plist"; sourceTree = "<group>"; };
		B4B5BCCF18EF95F300663044 /* en */ = {isa = PBXFileReference; lastKnownFileType = text.plist.strings; name = en; path = en.lproj/InfoPlist.strings; sourceTree = "<group>"; };
		B4B5BCD118EF95F300663044 /* Foundation01Tests.m */ = {isa = PBXFileReference; lastKnownFileType = sourcecode.c.objc; path = Foundation01Tests.m; sourceTree = "<group>"; };
/* End PBXFileReference section */

/* Begin PBXFrameworksBuildPhase section */
		B4B5BCA018EF95F300663044 /* Frameworks */ = {
			isa = PBXFrameworksBuildPhase;
			buildActionMask = 2147483647;
			files = (
				B4B5BCA918EF95F300663044 /* CoreGraphics.framework in Frameworks */,
				B4B5BCAB18EF95F300663044 /* UIKit.framework in Frameworks */,
				B4B5BCA718EF95F300663044 /* Foundation.framework in Frameworks */,
			);
			runOnlyForDeploymentPostprocessing = 0;
		};
		B4B5BCC118EF95F300663044 /* Frameworks */ = {
			isa = PBXFrameworksBuildPhase;
			buildActionMask = 2147483647;
			files = (
				B4B5BCC618EF95F300663044 /* XCTest.framework in Frameworks */,
				B4B5BCC818EF95F300663044 /* UIKit.framework in Frameworks */,
				B4B5BCC718EF95F300663044 /* Foundation.framework in Frameworks */,
			);
			runOnlyForDeploymentPostprocessing = 0;
		};
/* End PBXFrameworksBuildPhase section */

/* Begin PBXGroup section */
		B4B5BC9A18EF95F300663044 = {
			isa = PBXGroup;
			children = (
				B4B5BCAC18EF95F300663044 /* Foundation01 */,
				B4B5BCCB18EF95F300663044 /* Foundation01Tests */,
				B4B5BCA518EF95F300663044 /* Frameworks */,
				B4B5BCA418EF95F300663044 /* Products */,
			);
			sourceTree = "<group>";
		};
		B4B5BCA418EF95F300663044 /* Products */ = {
			isa = PBXGroup;
			children = (
				B4B5BCA318EF95F300663044 /* Foundation01.app */,
				B4B5BCC418EF95F300663044 /* Foundation01Tests.xctest */,
			);
			name = Products;
			sourceTree = "<group>";
		};
		B4B5BCA518EF95F300663044 /* Frameworks */ = {
			isa = PBXGroup;
			children = (
				B4B5BCA618EF95F300663044 /* Foundation.framework */,
				B4B5BCA818EF95F300663044 /* CoreGraphics.framework */,
				B4B5BCAA18EF95F300663044 /* UIKit.framework */,
				B4B5BCC518EF95F300663044 /* XCTest.framework */,
			);
			name = Frameworks;
			sourceTree = "<group>";
		};
		B4B5BCAC18EF95F300663044 /* Foundation01 */ = {
			isa = PBXGroup;
			children = (
				B4B5BCB518EF95F300663044 /* AppDelegate.h */,
				B4B5BCB618EF95F300663044 /* AppDelegate.m */,
				B4B5BCB818EF95F300663044 /* Main.storyboard */,
				B4B5BCBB18EF95F300663044 /* ViewController.h */,
				B4B5BCBC18EF95F300663044 /* ViewController.m */,
				B4B5BCBE18EF95F300663044 /* Images.xcassets */,
				B4B5BCAD18EF95F300663044 /* Supporting Files */,
			);
			path = Foundation01;
			sourceTree = "<group>";
		};
		B4B5BCAD18EF95F300663044 /* Supporting Files */ = {
			isa = PBXGroup;
			children = (
				B4B5BCAE18EF95F300663044 /* Foundation01-Info.plist */,
				B4B5BCAF18EF95F300663044 /* InfoPlist.strings */,
				B4B5BCB218EF95F300663044 /* main.m */,
				B4B5BCB418EF95F300663044 /* Foundation01-Prefix.pch */,
			);
			name = "Supporting Files";
			sourceTree = "<group>";
		};
		B4B5BCCB18EF95F300663044 /* Foundation01Tests */ = {
			isa = PBXGroup;
			children = (
				B4B5BCD118EF95F300663044 /* Foundation01Tests.m */,
				B4B5BCCC18EF95F300663044 /* Supporting Files */,
			);
			path = Foundation01Tests;
			sourceTree = "<group>";
		};
		B4B5BCCC18EF95F300663044 /* Supporting Files */ = {
			isa = PBXGroup;
			children = (
				B4B5BCCD18EF95F300663044 /* Foundation01Tests-Info.plist */,
				B4B5BCCE18EF95F300663044 /* InfoPlist.strings */,
			);
			name = "Supporting Files";
			sourceTree = "<group>";
		};
/* End PBXGroup section */

/* Begin PBXNativeTarget section */
		B4B5BCA218EF95F300663044 /* Foundation01 */ = {
			isa = PBXNativeTarget;
			buildConfigurationList = B4B5BCD518EF95F300663044 /* Build configuration list for PBXNativeTarget "Foundation01" */;
			buildPhases = (
				B4B5BC9F18EF95F300663044 /* Sources */,
				B4B5BCA018EF95F300663044 /* Frameworks */,
				B4B5BCA118EF95F300663044 /* Resources */,
			);
			buildRules = (
			);
			dependencies = (
			);
			name = Foundation01;
			productName = Foundation01;
			productReference = B4B5BCA318EF95F300663044 /* Foundation01.app */;
			productType = "com.apple.product-type.application";
		};
		B4B5BCC318EF95F300663044 /* Foundation01Tests */ = {
			isa = PBXNativeTarget;
			buildConfigurationList = B4B5BCD818EF95F300663044 /* Build configuration list for PBXNativeTarget "Foundation01Tests" */;
			buildPhases = (
				B4B5BCC018EF95F300663044 /* Sources */,
				B4B5BCC118EF95F300663044 /* Frameworks */,
				B4B5BCC218EF95F300663044 /* Resources */,
			);
			buildRules = (
			);
			dependencies = (
				B4B5BCCA18EF95F300663044 /* PBXTargetDependency */,
			);
			name = Foundation01Tests;
			productName = Foundation01Tests;
			productReference = B4B5BCC418EF95F300663044 /* Foundation01Tests.xctest */;
			productType = "com.apple.product-type.bundle.unit-test";
		};
/* End PBXNativeTarget section */

/* Begin PBXProject section */
		B4B5BC9B18EF95F300663044 /* Project object */ = {
			isa = PBXProject;
			attributes = {
				LastUpgradeCheck = 0510;
				ORGANIZATIONNAME = nakasen.com;
				TargetAttributes = {
					B4B5BCC318EF95F300663044 = {
						TestTargetID = B4B5BCA218EF95F300663044;
					};
				};
			};
			buildConfigurationList = B4B5BC9E18EF95F300663044 /* Build configuration list for PBXProject "Foundation01" */;
			compatibilityVersion = "Xcode 3.2";
			developmentRegion = English;
			hasScannedForEncodings = 0;
			knownRegions = (
				en,
				Base,
			);
			mainGroup = B4B5BC9A18EF95F300663044;
			productRefGroup = B4B5BCA418EF95F300663044 /* Products */;
			projectDirPath = "";
			projectRoot = "";
			targets = (
				B4B5BCA218EF95F300663044 /* Foundation01 */,
				B4B5BCC318EF95F300663044 /* Foundation01Tests */,
			);
		};
/* End PBXProject section */

/* Begin PBXResourcesBuildPhase section */
		B4B5BCA118EF95F300663044 /* Resources */ = {
			isa = PBXResourcesBuildPhase;
			buildActionMask = 2147483647;
			files = (
				B4B5BCBF18EF95F300663044 /* Images.xcassets in Resources */,
				B4B5BCB118EF95F300663044 /* InfoPlist.strings in Resources */,
				B4B5BCBA18EF95F300663044 /* Main.storyboard in Resources */,
			);
			runOnlyForDeploymentPostprocessing = 0;
		};
		B4B5BCC218EF95F300663044 /* Resources */ = {
			isa = PBXResourcesBuildPhase;
			buildActionMask = 2147483647;
			files = (
				B4B5BCD018EF95F300663044 /* InfoPlist.strings in Resources */,
			);
			runOnlyForDeploymentPostprocessing = 0;
		};
/* End PBXResourcesBuildPhase section */

/* Begin PBXSourcesBuildPhase section */
		B4B5BC9F18EF95F300663044 /* Sources */ = {
			isa = PBXSourcesBuildPhase;
			buildActionMask = 2147483647;
			files = (
				B4B5BCBD18EF95F300663044 /* ViewController.m in Sources */,
				B4B5BCB718EF95F300663044 /* AppDelegate.m in Sources */,
				B4B5BCB318EF95F300663044 /* main.m in Sources */,
			);
			runOnlyForDeploymentPostprocessing = 0;
		};
		B4B5BCC018EF95F300663044 /* Sources */ = {
			isa = PBXSourcesBuildPhase;
			buildActionMask = 2147483647;
			files = (
				B4B5BCD218EF95F300663044 /* Foundation01Tests.m in Sources */,
			);
			runOnlyForDeploymentPostprocessing = 0;
		};
/* End PBXSourcesBuildPhase section */

/* Begin PBXTargetDependency section */
		B4B5BCCA18EF95F300663044 /* PBXTargetDependency */ = {
			isa = PBXTargetDependency;
			target = B4B5BCA218EF95F300663044 /* Foundation01 */;
			targetProxy = B4B5BCC918EF95F300663044 /* PBXContainerItemProxy */;
		};
/* End PBXTargetDependency section */

/* Begin PBXVariantGroup section */
		B4B5BCAF18EF95F300663044 /* InfoPlist.strings */ = {
			isa = PBXVariantGroup;
			children = (
				B4B5BCB018EF95F300663044 /* en */,
			);
			name = InfoPlist.strings;
			sourceTree = "<group>";
		};
		B4B5BCB818EF95F300663044 /* Main.storyboard */ = {
			isa = PBXVariantGroup;
			children = (
				B4B5BCB918EF95F300663044 /* Base */,
			);
			name = Main.storyboard;
			sourceTree = "<group>";
		};
		B4B5BCCE18EF95F300663044 /* InfoPlist.strings */ = {
			isa = PBXVariantGroup;
			children = (
				B4B5BCCF18EF95F300663044 /* en */,
			);
			name = InfoPlist.strings;
			sourceTree = "<group>";
		};
/* End PBXVariantGroup section */

/* Begin XCBuildConfiguration section */
		B4B5BCD318EF95F300663044 /* Debug */ = {
			isa = XCBuildConfiguration;
			buildSettings = {
				ALWAYS_SEARCH_USER_PATHS = NO;
				CLANG_CXX_LANGUAGE_STANDARD = "gnu++0x";
				CLANG_CXX_LIBRARY = "libc++";
				CLANG_ENABLE_MODULES = YES;
				CLANG_ENABLE_OBJC_ARC = YES;
				CLANG_WARN_BOOL_CONVERSION = YES;
				CLANG_WARN_CONSTANT_CONVERSION = YES;
				CLANG_WARN_DIRECT_OBJC_ISA_USAGE = YES_ERROR;
				CLANG_WARN_EMPTY_BODY = YES;
				CLANG_WARN_ENUM_CONVERSION = YES;
				CLANG_WARN_INT_CONVERSION = YES;
				CLANG_WARN_OBJC_ROOT_CLASS = YES_ERROR;
				CLANG_WARN__DUPLICATE_METHOD_MATCH = YES;
				"CODE_SIGN_IDENTITY[sdk=iphoneos*]" = "iPhone Developer";
				COPY_PHASE_STRIP = NO;
				GCC_C_LANGUAGE_STANDARD = gnu99;
				GCC_DYNAMIC_NO_PIC = NO;
				GCC_OPTIMIZATION_LEVEL = 0;
				GCC_PREPROCESSOR_DEFINITIONS = (
					"DEBUG=1",
					"$(inherited)",
				);
				GCC_SYMBOLS_PRIVATE_EXTERN = NO;
				GCC_WARN_64_TO_32_BIT_CONVERSION = YES;
				GCC_WARN_ABOUT_RETURN_TYPE = YES_ERROR;
				GCC_WARN_UNDECLARED_SELECTOR = YES;
				GCC_WARN_UNINITIALIZED_AUTOS = YES_AGGRESSIVE;
				GCC_WARN_UNUSED_FUNCTION = YES;
				GCC_WARN_UNUSED_VARIABLE = YES;
				IPHONEOS_DEPLOYMENT_TARGET = 7.1;
				ONLY_ACTIVE_ARCH = YES;
				SDKROOT = iphoneos;
			};
			name = Debug;
		};
		B4B5BCD418EF95F300663044 /* Release */ = {
			isa = XCBuildConfiguration;
			buildSettings = {
				ALWAYS_SEARCH_USER_PATHS = NO;
				CLANG_CXX_LANGUAGE_STANDARD = "gnu++0x";
				CLANG_CXX_LIBRARY = "libc++";
				CLANG_ENABLE_MODULES = YES;
				CLANG_ENABLE_OBJC_ARC = YES;
				CLANG_WARN_BOOL_CONVERSION = YES;
				CLANG_WARN_CONSTANT_CONVERSION = YES;
				CLANG_WARN_DIRECT_OBJC_ISA_USAGE = YES_ERROR;
				CLANG_WARN_EMPTY_BODY = YES;
				CLANG_WARN_ENUM_CONVERSION = YES;
				CLANG_WARN_INT_CONVERSION = YES;
				CLANG_WARN_OBJC_ROOT_CLASS = YES_ERROR;
				CLANG_WARN__DUPLICATE_METHOD_MATCH = YES;
				"CODE_SIGN_IDENTITY[sdk=iphoneos*]" = "iPhone Developer";
				COPY_PHASE_STRIP = YES;
				ENABLE_NS_ASSERTIONS = NO;
				GCC_C_LANGUAGE_STANDARD = gnu99;
				GCC_WARN_64_TO_32_BIT_CONVERSION = YES;
				GCC_WARN_ABOUT_RETURN_TYPE = YES_ERROR;
				GCC_WARN_UNDECLARED_SELECTOR = YES;
				GCC_WARN_UNINITIALIZED_AUTOS = YES_AGGRESSIVE;
				GCC_WARN_UNUSED_FUNCTION = YES;
				GCC_WARN_UNUSED_VARIABLE = YES;
				IPHONEOS_DEPLOYMENT_TARGET = 7.1;
				SDKROOT = iphoneos;
				VALIDATE_PRODUCT = YES;
			};
			name = Release;
		};
		B4B5BCD618EF95F300663044 /* Debug */ = {
			isa = XCBuildConfiguration;
			buildSettings = {
				ASSETCATALOG_COMPILER_APPICON_NAME = AppIcon;
				ASSETCATALOG_COMPILER_LAUNCHIMAGE_NAME = LaunchImage;
				GCC_PRECOMPILE_PREFIX_HEADER = YES;
				GCC_PREFIX_HEADER = "Foundation01/Foundation01-Prefix.pch";
				INFOPLIST_FILE = "Foundation01/Foundation01-Info.plist";
				PRODUCT_NAME = "$(TARGET_NAME)";
				WRAPPER_EXTENSION = app;
			};
			name = Debug;
		};
		B4B5BCD718EF95F300663044 /* Release */ = {
			isa = XCBuildConfiguration;
			buildSettings = {
				ASSETCATALOG_COMPILER_APPICON_NAME = AppIcon;
				ASSETCATALOG_COMPILER_LAUNCHIMAGE_NAME = LaunchImage;
				GCC_PRECOMPILE_PREFIX_HEADER = YES;
				GCC_PREFIX_HEADER = "Foundation01/Foundation01-Prefix.pch";
				INFOPLIST_FILE = "Foundation01/Foundation01-Info.plist";
				PRODUCT_NAME = "$(TARGET_NAME)";
				WRAPPER_EXTENSION = app;
			};
			name = Release;
		};
		B4B5BCD918EF95F300663044 /* Debug */ = {
			isa = XCBuildConfiguration;
			buildSettings = {
				BUNDLE_LOADER = "$(BUILT_PRODUCTS_DIR)/Foundation01.app/Foundation01";
				FRAMEWORK_SEARCH_PATHS = (
					"$(SDKROOT)/Developer/Library/Frameworks",
					"$(inherited)",
					"$(DEVELOPER_FRAMEWORKS_DIR)",
				);
				GCC_PRECOMPILE_PREFIX_HEADER = YES;
				GCC_PREFIX_HEADER = "Foundation01/Foundation01-Prefix.pch";
				GCC_PREPROCESSOR_DEFINITIONS = (
					"DEBUG=1",
					"$(inherited)",
				);
				INFOPLIST_FILE = "Foundation01Tests/Foundation01Tests-Info.plist";
				PRODUCT_NAME = "$(TARGET_NAME)";
				TEST_HOST = "$(BUNDLE_LOADER)";
				WRAPPER_EXTENSION = xctest;
			};
			name = Debug;
		};
		B4B5BCDA18EF95F300663044 /* Release */ = {
			isa = XCBuildConfiguration;
			buildSettings = {
				BUNDLE_LOADER = "$(BUILT_PRODUCTS_DIR)/Foundation01.app/Foundation01";
				FRAMEWORK_SEARCH_PATHS = (
					"$(SDKROOT)/Developer/Library/Frameworks",
					"$(inherited)",
					"$(DEVELOPER_FRAMEWORKS_DIR)",
				);
				GCC_PRECOMPILE_PREFIX_HEADER = YES;
				GCC_PREFIX_HEADER = "Foundation01/Foundation01-Prefix.pch";
				INFOPLIST_FILE = "Foundation01Tests/Foundation01Tests-Info.plist";
				PRODUCT_NAME = "$(TARGET_NAME)";
				TEST_HOST = "$(BUNDLE_LOADER)";
				WRAPPER_EXTENSION = xctest;
			};
			name = Release;
		};
/* End XCBuildConfiguration section */

/* Begin XCConfigurationList section */
		B4B5BC9E18EF95F300663044 /* Build configuration list for PBXProject "Foundation01" */ = {
			isa = XCConfigurationList;
			buildConfigurations = (
				B4B5BCD318EF95F300663044 /* Debug */,
				B4B5BCD418EF95F300663044 /* Release */,
			);
			defaultConfigurationIsVisible = 0;
			defaultConfigurationName = Release;
		};
		B4B5BCD518EF95F300663044 /* Build configuration list for PBXNativeTarget "Foundation01" */ = {
			isa = XCConfigurationList;
			buildConfigurations = (
				B4B5BCD618EF95F300663044 /* Debug */,
				B4B5BCD718EF95F300663044 /* Release */,
			);
			defaultConfigurationIsVisible = 0;
		};
		B4B5BCD818EF95F300663044 /* Build configuration list for PBXNativeTarget "Foundation01Tests" */ = {
			isa = XCConfigurationList;
			buildConfigurations = (
				B4B5BCD918EF95F300663044 /* Debug */,
				B4B5BCDA18EF95F300663044 /* Release */,
			);
			defaultConfigurationIsVisible = 0;
		};
/* End XCConfigurationList section */
	};
	rootObject = B4B5BC9B18EF95F300663044 /* Project object */;
}
