// !$*UTF8*$!
{
	archiveVersion = 1;
	classes = {
	};
	objectVersion = 46;
	objects = {

/* Begin PBXBuildFile section */
		B4BFAE561942CD2D00251754 /* Foundation.framework in Frameworks */ = {isa = PBXBuildFile; fileRef = B4BFAE551942CD2D00251754 /* Foundation.framework */; };
		B4BFAE581942CD2D00251754 /* CoreGraphics.framework in Frameworks */ = {isa = PBXBuildFile; fileRef = B4BFAE571942CD2D00251754 /* CoreGraphics.framework */; };
		B4BFAE5A1942CD2D00251754 /* UIKit.framework in Frameworks */ = {isa = PBXBuildFile; fileRef = B4BFAE591942CD2D00251754 /* UIKit.framework */; };
		B4BFAE601942CD2D00251754 /* InfoPlist.strings in Resources */ = {isa = PBXBuildFile; fileRef = B4BFAE5E1942CD2D00251754 /* InfoPlist.strings */; };
		B4BFAE621942CD2D00251754 /* main.m in Sources */ = {isa = PBXBuildFile; fileRef = B4BFAE611942CD2D00251754 /* main.m */; };
		B4BFAE661942CD2D00251754 /* AppDelegate.m in Sources */ = {isa = PBXBuildFile; fileRef = B4BFAE651942CD2D00251754 /* AppDelegate.m */; };
		B4BFAE691942CD2D00251754 /* Main.storyboard in Resources */ = {isa = PBXBuildFile; fileRef = B4BFAE671942CD2D00251754 /* Main.storyboard */; };
		B4BFAE6C1942CD2D00251754 /* ViewController.m in Sources */ = {isa = PBXBuildFile; fileRef = B4BFAE6B1942CD2D00251754 /* ViewController.m */; };
		B4BFAE6E1942CD2D00251754 /* Images.xcassets in Resources */ = {isa = PBXBuildFile; fileRef = B4BFAE6D1942CD2D00251754 /* Images.xcassets */; };
		B4BFAE751942CD2D00251754 /* XCTest.framework in Frameworks */ = {isa = PBXBuildFile; fileRef = B4BFAE741942CD2D00251754 /* XCTest.framework */; };
		B4BFAE761942CD2D00251754 /* Foundation.framework in Frameworks */ = {isa = PBXBuildFile; fileRef = B4BFAE551942CD2D00251754 /* Foundation.framework */; };
		B4BFAE771942CD2D00251754 /* UIKit.framework in Frameworks */ = {isa = PBXBuildFile; fileRef = B4BFAE591942CD2D00251754 /* UIKit.framework */; };
		B4BFAE7F1942CD2D00251754 /* InfoPlist.strings in Resources */ = {isa = PBXBuildFile; fileRef = B4BFAE7D1942CD2D00251754 /* InfoPlist.strings */; };
		B4BFAE811942CD2D00251754 /* Foundation01Tests.m in Sources */ = {isa = PBXBuildFile; fileRef = B4BFAE801942CD2D00251754 /* Foundation01Tests.m */; };
/* End PBXBuildFile section */

/* Begin PBXContainerItemProxy section */
		B4BFAE781942CD2D00251754 /* PBXContainerItemProxy */ = {
			isa = PBXContainerItemProxy;
			containerPortal = B4BFAE4A1942CD2D00251754 /* Project object */;
			proxyType = 1;
			remoteGlobalIDString = B4BFAE511942CD2D00251754;
			remoteInfo = Foundation01;
		};
/* End PBXContainerItemProxy section */

/* Begin PBXFileReference section */
		B4BFAE521942CD2D00251754 /* Foundation01.app */ = {isa = PBXFileReference; explicitFileType = wrapper.application; includeInIndex = 0; path = Foundation01.app; sourceTree = BUILT_PRODUCTS_DIR; };
		B4BFAE551942CD2D00251754 /* Foundation.framework */ = {isa = PBXFileReference; lastKnownFileType = wrapper.framework; name = Foundation.framework; path = System/Library/Frameworks/Foundation.framework; sourceTree = SDKROOT; };
		B4BFAE571942CD2D00251754 /* CoreGraphics.framework */ = {isa = PBXFileReference; lastKnownFileType = wrapper.framework; name = CoreGraphics.framework; path = System/Library/Frameworks/CoreGraphics.framework; sourceTree = SDKROOT; };
		B4BFAE591942CD2D00251754 /* UIKit.framework */ = {isa = PBXFileReference; lastKnownFileType = wrapper.framework; name = UIKit.framework; path = System/Library/Frameworks/UIKit.framework; sourceTree = SDKROOT; };
		B4BFAE5D1942CD2D00251754 /* Foundation01-Info.plist */ = {isa = PBXFileReference; lastKnownFileType = text.plist.xml; path = "Foundation01-Info.plist"; sourceTree = "<group>"; };
		B4BFAE5F1942CD2D00251754 /* en */ = {isa = PBXFileReference; lastKnownFileType = text.plist.strings; name = en; path = en.lproj/InfoPlist.strings; sourceTree = "<group>"; };
		B4BFAE611942CD2D00251754 /* main.m */ = {isa = PBXFileReference; lastKnownFileType = sourcecode.c.objc; path = main.m; sourceTree = "<group>"; };
		B4BFAE631942CD2D00251754 /* Foundation01-Prefix.pch */ = {isa = PBXFileReference; lastKnownFileType = sourcecode.c.h; path = "Foundation01-Prefix.pch"; sourceTree = "<group>"; };
		B4BFAE641942CD2D00251754 /* AppDelegate.h */ = {isa = PBXFileReference; lastKnownFileType = sourcecode.c.h; path = AppDelegate.h; sourceTree = "<group>"; };
		B4BFAE651942CD2D00251754 /* AppDelegate.m */ = {isa = PBXFileReference; lastKnownFileType = sourcecode.c.objc; path = AppDelegate.m; sourceTree = "<group>"; };
		B4BFAE681942CD2D00251754 /* Base */ = {isa = PBXFileReference; lastKnownFileType = file.storyboard; name = Base; path = Base.lproj/Main.storyboard; sourceTree = "<group>"; };
		B4BFAE6A1942CD2D00251754 /* ViewController.h */ = {isa = PBXFileReference; lastKnownFileType = sourcecode.c.h; path = ViewController.h; sourceTree = "<group>"; };
		B4BFAE6B1942CD2D00251754 /* ViewController.m */ = {isa = PBXFileReference; lastKnownFileType = sourcecode.c.objc; path = ViewController.m; sourceTree = "<group>"; };
		B4BFAE6D1942CD2D00251754 /* Images.xcassets */ = {isa = PBXFileReference; lastKnownFileType = folder.assetcatalog; path = Images.xcassets; sourceTree = "<group>"; };
		B4BFAE731942CD2D00251754 /* Foundation01Tests.xctest */ = {isa = PBXFileReference; explicitFileType = wrapper.cfbundle; includeInIndex = 0; path = Foundation01Tests.xctest; sourceTree = BUILT_PRODUCTS_DIR; };
		B4BFAE741942CD2D00251754 /* XCTest.framework */ = {isa = PBXFileReference; lastKnownFileType = wrapper.framework; name = XCTest.framework; path = Library/Frameworks/XCTest.framework; sourceTree = DEVELOPER_DIR; };
		B4BFAE7C1942CD2D00251754 /* Foundation01Tests-Info.plist */ = {isa = PBXFileReference; lastKnownFileType = text.plist.xml; path = "Foundation01Tests-Info.plist"; sourceTree = "<group>"; };
		B4BFAE7E1942CD2D00251754 /* en */ = {isa = PBXFileReference; lastKnownFileType = text.plist.strings; name = en; path = en.lproj/InfoPlist.strings; sourceTree = "<group>"; };
		B4BFAE801942CD2D00251754 /* Foundation01Tests.m */ = {isa = PBXFileReference; lastKnownFileType = sourcecode.c.objc; path = Foundation01Tests.m; sourceTree = "<group>"; };
/* End PBXFileReference section */

/* Begin PBXFrameworksBuildPhase section */
		B4BFAE4F1942CD2D00251754 /* Frameworks */ = {
			isa = PBXFrameworksBuildPhase;
			buildActionMask = 2147483647;
			files = (
				B4BFAE581942CD2D00251754 /* CoreGraphics.framework in Frameworks */,
				B4BFAE5A1942CD2D00251754 /* UIKit.framework in Frameworks */,
				B4BFAE561942CD2D00251754 /* Foundation.framework in Frameworks */,
			);
			runOnlyForDeploymentPostprocessing = 0;
		};
		B4BFAE701942CD2D00251754 /* Frameworks */ = {
			isa = PBXFrameworksBuildPhase;
			buildActionMask = 2147483647;
			files = (
				B4BFAE751942CD2D00251754 /* XCTest.framework in Frameworks */,
				B4BFAE771942CD2D00251754 /* UIKit.framework in Frameworks */,
				B4BFAE761942CD2D00251754 /* Foundation.framework in Frameworks */,
			);
			runOnlyForDeploymentPostprocessing = 0;
		};
/* End PBXFrameworksBuildPhase section */

/* Begin PBXGroup section */
		B4BFAE491942CD2D00251754 = {
			isa = PBXGroup;
			children = (
				B4BFAE5B1942CD2D00251754 /* Foundation01 */,
				B4BFAE7A1942CD2D00251754 /* Foundation01Tests */,
				B4BFAE541942CD2D00251754 /* Frameworks */,
				B4BFAE531942CD2D00251754 /* Products */,
			);
			sourceTree = "<group>";
		};
		B4BFAE531942CD2D00251754 /* Products */ = {
			isa = PBXGroup;
			children = (
				B4BFAE521942CD2D00251754 /* Foundation01.app */,
				B4BFAE731942CD2D00251754 /* Foundation01Tests.xctest */,
			);
			name = Products;
			sourceTree = "<group>";
		};
		B4BFAE541942CD2D00251754 /* Frameworks */ = {
			isa = PBXGroup;
			children = (
				B4BFAE551942CD2D00251754 /* Foundation.framework */,
				B4BFAE571942CD2D00251754 /* CoreGraphics.framework */,
				B4BFAE591942CD2D00251754 /* UIKit.framework */,
				B4BFAE741942CD2D00251754 /* XCTest.framework */,
			);
			name = Frameworks;
			sourceTree = "<group>";
		};
		B4BFAE5B1942CD2D00251754 /* Foundation01 */ = {
			isa = PBXGroup;
			children = (
				B4BFAE641942CD2D00251754 /* AppDelegate.h */,
				B4BFAE651942CD2D00251754 /* AppDelegate.m */,
				B4BFAE671942CD2D00251754 /* Main.storyboard */,
				B4BFAE6A1942CD2D00251754 /* ViewController.h */,
				B4BFAE6B1942CD2D00251754 /* ViewController.m */,
				B4BFAE6D1942CD2D00251754 /* Images.xcassets */,
				B4BFAE5C1942CD2D00251754 /* Supporting Files */,
			);
			path = Foundation01;
			sourceTree = "<group>";
		};
		B4BFAE5C1942CD2D00251754 /* Supporting Files */ = {
			isa = PBXGroup;
			children = (
				B4BFAE5D1942CD2D00251754 /* Foundation01-Info.plist */,
				B4BFAE5E1942CD2D00251754 /* InfoPlist.strings */,
				B4BFAE611942CD2D00251754 /* main.m */,
				B4BFAE631942CD2D00251754 /* Foundation01-Prefix.pch */,
			);
			name = "Supporting Files";
			sourceTree = "<group>";
		};
		B4BFAE7A1942CD2D00251754 /* Foundation01Tests */ = {
			isa = PBXGroup;
			children = (
				B4BFAE801942CD2D00251754 /* Foundation01Tests.m */,
				B4BFAE7B1942CD2D00251754 /* Supporting Files */,
			);
			path = Foundation01Tests;
			sourceTree = "<group>";
		};
		B4BFAE7B1942CD2D00251754 /* Supporting Files */ = {
			isa = PBXGroup;
			children = (
				B4BFAE7C1942CD2D00251754 /* Foundation01Tests-Info.plist */,
				B4BFAE7D1942CD2D00251754 /* InfoPlist.strings */,
			);
			name = "Supporting Files";
			sourceTree = "<group>";
		};
/* End PBXGroup section */

/* Begin PBXNativeTarget section */
		B4BFAE511942CD2D00251754 /* Foundation01 */ = {
			isa = PBXNativeTarget;
			buildConfigurationList = B4BFAE841942CD2D00251754 /* Build configuration list for PBXNativeTarget "Foundation01" */;
			buildPhases = (
				B4BFAE4E1942CD2D00251754 /* Sources */,
				B4BFAE4F1942CD2D00251754 /* Frameworks */,
				B4BFAE501942CD2D00251754 /* Resources */,
			);
			buildRules = (
			);
			dependencies = (
			);
			name = Foundation01;
			productName = Foundation01;
			productReference = B4BFAE521942CD2D00251754 /* Foundation01.app */;
			productType = "com.apple.product-type.application";
		};
		B4BFAE721942CD2D00251754 /* Foundation01Tests */ = {
			isa = PBXNativeTarget;
			buildConfigurationList = B4BFAE871942CD2D00251754 /* Build configuration list for PBXNativeTarget "Foundation01Tests" */;
			buildPhases = (
				B4BFAE6F1942CD2D00251754 /* Sources */,
				B4BFAE701942CD2D00251754 /* Frameworks */,
				B4BFAE711942CD2D00251754 /* Resources */,
			);
			buildRules = (
			);
			dependencies = (
				B4BFAE791942CD2D00251754 /* PBXTargetDependency */,
			);
			name = Foundation01Tests;
			productName = Foundation01Tests;
			productReference = B4BFAE731942CD2D00251754 /* Foundation01Tests.xctest */;
			productType = "com.apple.product-type.bundle.unit-test";
		};
/* End PBXNativeTarget section */

/* Begin PBXProject section */
		B4BFAE4A1942CD2D00251754 /* Project object */ = {
			isa = PBXProject;
			attributes = {
				LastUpgradeCheck = 0510;
				ORGANIZATIONNAME = nakasen.com;
				TargetAttributes = {
					B4BFAE721942CD2D00251754 = {
						TestTargetID = B4BFAE511942CD2D00251754;
					};
				};
			};
			buildConfigurationList = B4BFAE4D1942CD2D00251754 /* Build configuration list for PBXProject "Foundation01" */;
			compatibilityVersion = "Xcode 3.2";
			developmentRegion = English;
			hasScannedForEncodings = 0;
			knownRegions = (
				en,
				Base,
			);
			mainGroup = B4BFAE491942CD2D00251754;
			productRefGroup = B4BFAE531942CD2D00251754 /* Products */;
			projectDirPath = "";
			projectRoot = "";
			targets = (
				B4BFAE511942CD2D00251754 /* Foundation01 */,
				B4BFAE721942CD2D00251754 /* Foundation01Tests */,
			);
		};
/* End PBXProject section */

/* Begin PBXResourcesBuildPhase section */
		B4BFAE501942CD2D00251754 /* Resources */ = {
			isa = PBXResourcesBuildPhase;
			buildActionMask = 2147483647;
			files = (
				B4BFAE6E1942CD2D00251754 /* Images.xcassets in Resources */,
				B4BFAE601942CD2D00251754 /* InfoPlist.strings in Resources */,
				B4BFAE691942CD2D00251754 /* Main.storyboard in Resources */,
			);
			runOnlyForDeploymentPostprocessing = 0;
		};
		B4BFAE711942CD2D00251754 /* Resources */ = {
			isa = PBXResourcesBuildPhase;
			buildActionMask = 2147483647;
			files = (
				B4BFAE7F1942CD2D00251754 /* InfoPlist.strings in Resources */,
			);
			runOnlyForDeploymentPostprocessing = 0;
		};
/* End PBXResourcesBuildPhase section */

/* Begin PBXSourcesBuildPhase section */
		B4BFAE4E1942CD2D00251754 /* Sources */ = {
			isa = PBXSourcesBuildPhase;
			buildActionMask = 2147483647;
			files = (
				B4BFAE6C1942CD2D00251754 /* ViewController.m in Sources */,
				B4BFAE661942CD2D00251754 /* AppDelegate.m in Sources */,
				B4BFAE621942CD2D00251754 /* main.m in Sources */,
			);
			runOnlyForDeploymentPostprocessing = 0;
		};
		B4BFAE6F1942CD2D00251754 /* Sources */ = {
			isa = PBXSourcesBuildPhase;
			buildActionMask = 2147483647;
			files = (
				B4BFAE811942CD2D00251754 /* Foundation01Tests.m in Sources */,
			);
			runOnlyForDeploymentPostprocessing = 0;
		};
/* End PBXSourcesBuildPhase section */

/* Begin PBXTargetDependency section */
		B4BFAE791942CD2D00251754 /* PBXTargetDependency */ = {
			isa = PBXTargetDependency;
			target = B4BFAE511942CD2D00251754 /* Foundation01 */;
			targetProxy = B4BFAE781942CD2D00251754 /* PBXContainerItemProxy */;
		};
/* End PBXTargetDependency section */

/* Begin PBXVariantGroup section */
		B4BFAE5E1942CD2D00251754 /* InfoPlist.strings */ = {
			isa = PBXVariantGroup;
			children = (
				B4BFAE5F1942CD2D00251754 /* en */,
			);
			name = InfoPlist.strings;
			sourceTree = "<group>";
		};
		B4BFAE671942CD2D00251754 /* Main.storyboard */ = {
			isa = PBXVariantGroup;
			children = (
				B4BFAE681942CD2D00251754 /* Base */,
			);
			name = Main.storyboard;
			sourceTree = "<group>";
		};
		B4BFAE7D1942CD2D00251754 /* InfoPlist.strings */ = {
			isa = PBXVariantGroup;
			children = (
				B4BFAE7E1942CD2D00251754 /* en */,
			);
			name = InfoPlist.strings;
			sourceTree = "<group>";
		};
/* End PBXVariantGroup section */

/* Begin XCBuildConfiguration section */
		B4BFAE821942CD2D00251754 /* Debug */ = {
			isa = XCBuildConfiguration;
			buildSettings = {
				ALWAYS_SEARCH_USER_PATHS = NO;
				CLANG_CXX_LANGUAGE_STANDARD = "gnu++0x";
				CLANG_CXX_LIBRARY = "libc++";
				CLANG_ENABLE_MODULES = YES;
				CLANG_ENABLE_OBJC_ARC = YES;
				CLANG_WARN_BOOL_CONVERSION = YES;
				CLANG_WARN_CONSTANT_CONVERSION = YES;
				CLANG_WARN_DIRECT_OBJC_ISA_USAGE = YES_ERROR;
				CLANG_WARN_EMPTY_BODY = YES;
				CLANG_WARN_ENUM_CONVERSION = YES;
				CLANG_WARN_INT_CONVERSION = YES;
				CLANG_WARN_OBJC_ROOT_CLASS = YES_ERROR;
				CLANG_WARN__DUPLICATE_METHOD_MATCH = YES;
				"CODE_SIGN_IDENTITY[sdk=iphoneos*]" = "iPhone Developer";
				COPY_PHASE_STRIP = NO;
				GCC_C_LANGUAGE_STANDARD = gnu99;
				GCC_DYNAMIC_NO_PIC = NO;
				GCC_OPTIMIZATION_LEVEL = 0;
				GCC_PREPROCESSOR_DEFINITIONS = (
					"DEBUG=1",
					"$(inherited)",
				);
				GCC_SYMBOLS_PRIVATE_EXTERN = NO;
				GCC_WARN_64_TO_32_BIT_CONVERSION = YES;
				GCC_WARN_ABOUT_RETURN_TYPE = YES_ERROR;
				GCC_WARN_UNDECLARED_SELECTOR = YES;
				GCC_WARN_UNINITIALIZED_AUTOS = YES_AGGRESSIVE;
				GCC_WARN_UNUSED_FUNCTION = YES;
				GCC_WARN_UNUSED_VARIABLE = YES;
				IPHONEOS_DEPLOYMENT_TARGET = 7.1;
				ONLY_ACTIVE_ARCH = YES;
				SDKROOT = iphoneos;
			};
			name = Debug;
		};
		B4BFAE831942CD2D00251754 /* Release */ = {
			isa = XCBuildConfiguration;
			buildSettings = {
				ALWAYS_SEARCH_USER_PATHS = NO;
				CLANG_CXX_LANGUAGE_STANDARD = "gnu++0x";
				CLANG_CXX_LIBRARY = "libc++";
				CLANG_ENABLE_MODULES = YES;
				CLANG_ENABLE_OBJC_ARC = YES;
				CLANG_WARN_BOOL_CONVERSION = YES;
				CLANG_WARN_CONSTANT_CONVERSION = YES;
				CLANG_WARN_DIRECT_OBJC_ISA_USAGE = YES_ERROR;
				CLANG_WARN_EMPTY_BODY = YES;
				CLANG_WARN_ENUM_CONVERSION = YES;
				CLANG_WARN_INT_CONVERSION = YES;
				CLANG_WARN_OBJC_ROOT_CLASS = YES_ERROR;
				CLANG_WARN__DUPLICATE_METHOD_MATCH = YES;
				"CODE_SIGN_IDENTITY[sdk=iphoneos*]" = "iPhone Developer";
				COPY_PHASE_STRIP = YES;
				ENABLE_NS_ASSERTIONS = NO;
				GCC_C_LANGUAGE_STANDARD = gnu99;
				GCC_WARN_64_TO_32_BIT_CONVERSION = YES;
				GCC_WARN_ABOUT_RETURN_TYPE = YES_ERROR;
				GCC_WARN_UNDECLARED_SELECTOR = YES;
				GCC_WARN_UNINITIALIZED_AUTOS = YES_AGGRESSIVE;
				GCC_WARN_UNUSED_FUNCTION = YES;
				GCC_WARN_UNUSED_VARIABLE = YES;
				IPHONEOS_DEPLOYMENT_TARGET = 7.1;
				SDKROOT = iphoneos;
				VALIDATE_PRODUCT = YES;
			};
			name = Release;
		};
		B4BFAE851942CD2D00251754 /* Debug */ = {
			isa = XCBuildConfiguration;
			buildSettings = {
				ASSETCATALOG_COMPILER_APPICON_NAME = AppIcon;
				ASSETCATALOG_COMPILER_LAUNCHIMAGE_NAME = LaunchImage;
				GCC_PRECOMPILE_PREFIX_HEADER = YES;
				GCC_PREFIX_HEADER = "Foundation01/Foundation01-Prefix.pch";
				INFOPLIST_FILE = "Foundation01/Foundation01-Info.plist";
				PRODUCT_NAME = "$(TARGET_NAME)";
				WRAPPER_EXTENSION = app;
			};
			name = Debug;
		};
		B4BFAE861942CD2D00251754 /* Release */ = {
			isa = XCBuildConfiguration;
			buildSettings = {
				ASSETCATALOG_COMPILER_APPICON_NAME = AppIcon;
				ASSETCATALOG_COMPILER_LAUNCHIMAGE_NAME = LaunchImage;
				GCC_PRECOMPILE_PREFIX_HEADER = YES;
				GCC_PREFIX_HEADER = "Foundation01/Foundation01-Prefix.pch";
				INFOPLIST_FILE = "Foundation01/Foundation01-Info.plist";
				PRODUCT_NAME = "$(TARGET_NAME)";
				WRAPPER_EXTENSION = app;
			};
			name = Release;
		};
		B4BFAE881942CD2D00251754 /* Debug */ = {
			isa = XCBuildConfiguration;
			buildSettings = {
				BUNDLE_LOADER = "$(BUILT_PRODUCTS_DIR)/Foundation01.app/Foundation01";
				FRAMEWORK_SEARCH_PATHS = (
					"$(SDKROOT)/Developer/Library/Frameworks",
					"$(inherited)",
					"$(DEVELOPER_FRAMEWORKS_DIR)",
				);
				GCC_PRECOMPILE_PREFIX_HEADER = YES;
				GCC_PREFIX_HEADER = "Foundation01/Foundation01-Prefix.pch";
				GCC_PREPROCESSOR_DEFINITIONS = (
					"DEBUG=1",
					"$(inherited)",
				);
				INFOPLIST_FILE = "Foundation01Tests/Foundation01Tests-Info.plist";
				PRODUCT_NAME = "$(TARGET_NAME)";
				TEST_HOST = "$(BUNDLE_LOADER)";
				WRAPPER_EXTENSION = xctest;
			};
			name = Debug;
		};
		B4BFAE891942CD2D00251754 /* Release */ = {
			isa = XCBuildConfiguration;
			buildSettings = {
				BUNDLE_LOADER = "$(BUILT_PRODUCTS_DIR)/Foundation01.app/Foundation01";
				FRAMEWORK_SEARCH_PATHS = (
					"$(SDKROOT)/Developer/Library/Frameworks",
					"$(inherited)",
					"$(DEVELOPER_FRAMEWORKS_DIR)",
				);
				GCC_PRECOMPILE_PREFIX_HEADER = YES;
				GCC_PREFIX_HEADER = "Foundation01/Foundation01-Prefix.pch";
				INFOPLIST_FILE = "Foundation01Tests/Foundation01Tests-Info.plist";
				PRODUCT_NAME = "$(TARGET_NAME)";
				TEST_HOST = "$(BUNDLE_LOADER)";
				WRAPPER_EXTENSION = xctest;
			};
			name = Release;
		};
/* End XCBuildConfiguration section */

/* Begin XCConfigurationList section */
		B4BFAE4D1942CD2D00251754 /* Build configuration list for PBXProject "Foundation01" */ = {
			isa = XCConfigurationList;
			buildConfigurations = (
				B4BFAE821942CD2D00251754 /* Debug */,
				B4BFAE831942CD2D00251754 /* Release */,
			);
			defaultConfigurationIsVisible = 0;
			defaultConfigurationName = Release;
		};
		B4BFAE841942CD2D00251754 /* Build configuration list for PBXNativeTarget "Foundation01" */ = {
			isa = XCConfigurationList;
			buildConfigurations = (
				B4BFAE851942CD2D00251754 /* Debug */,
				B4BFAE861942CD2D00251754 /* Release */,
			);
			defaultConfigurationIsVisible = 0;
		};
		B4BFAE871942CD2D00251754 /* Build configuration list for PBXNativeTarget "Foundation01Tests" */ = {
			isa = XCConfigurationList;
			buildConfigurations = (
				B4BFAE881942CD2D00251754 /* Debug */,
				B4BFAE891942CD2D00251754 /* Release */,
			);
			defaultConfigurationIsVisible = 0;
		};
/* End XCConfigurationList section */
	};
	rootObject = B4BFAE4A1942CD2D00251754 /* Project object */;
}
