// !$*UTF8*$!
{
	archiveVersion = 1;
	classes = {
	};
	objectVersion = 46;
	objects = {

/* Begin PBXBuildFile section */
		B4162ADB18F12DBD0077A655 /* Foundation.framework in Frameworks */ = {isa = PBXBuildFile; fileRef = B4162ADA18F12DBD0077A655 /* Foundation.framework */; };
		B4162ADD18F12DBD0077A655 /* CoreGraphics.framework in Frameworks */ = {isa = PBXBuildFile; fileRef = B4162ADC18F12DBD0077A655 /* CoreGraphics.framework */; };
		B4162ADF18F12DBD0077A655 /* UIKit.framework in Frameworks */ = {isa = PBXBuildFile; fileRef = B4162ADE18F12DBD0077A655 /* UIKit.framework */; };
		B4162AE518F12DBD0077A655 /* InfoPlist.strings in Resources */ = {isa = PBXBuildFile; fileRef = B4162AE318F12DBD0077A655 /* InfoPlist.strings */; };
		B4162AE718F12DBD0077A655 /* main.m in Sources */ = {isa = PBXBuildFile; fileRef = B4162AE618F12DBD0077A655 /* main.m */; };
		B4162AEB18F12DBD0077A655 /* AppDelegate.m in Sources */ = {isa = PBXBuildFile; fileRef = B4162AEA18F12DBD0077A655 /* AppDelegate.m */; };
		B4162AEE18F12DBD0077A655 /* Main.storyboard in Resources */ = {isa = PBXBuildFile; fileRef = B4162AEC18F12DBD0077A655 /* Main.storyboard */; };
		B4162AF118F12DBD0077A655 /* ViewController.m in Sources */ = {isa = PBXBuildFile; fileRef = B4162AF018F12DBD0077A655 /* ViewController.m */; };
		B4162AF318F12DBD0077A655 /* Images.xcassets in Resources */ = {isa = PBXBuildFile; fileRef = B4162AF218F12DBD0077A655 /* Images.xcassets */; };
		B4162AFA18F12DBE0077A655 /* XCTest.framework in Frameworks */ = {isa = PBXBuildFile; fileRef = B4162AF918F12DBE0077A655 /* XCTest.framework */; };
		B4162AFB18F12DBE0077A655 /* Foundation.framework in Frameworks */ = {isa = PBXBuildFile; fileRef = B4162ADA18F12DBD0077A655 /* Foundation.framework */; };
		B4162AFC18F12DBE0077A655 /* UIKit.framework in Frameworks */ = {isa = PBXBuildFile; fileRef = B4162ADE18F12DBD0077A655 /* UIKit.framework */; };
		B4162B0418F12DBE0077A655 /* InfoPlist.strings in Resources */ = {isa = PBXBuildFile; fileRef = B4162B0218F12DBE0077A655 /* InfoPlist.strings */; };
		B4162B0618F12DBE0077A655 /* Ex02_PropertyTests.m in Sources */ = {isa = PBXBuildFile; fileRef = B4162B0518F12DBE0077A655 /* Ex02_PropertyTests.m */; };
		B4162B1118F12DDF0077A655 /* CalciTax.m in Sources */ = {isa = PBXBuildFile; fileRef = B4162B1018F12DDF0077A655 /* CalciTax.m */; };
/* End PBXBuildFile section */

/* Begin PBXContainerItemProxy section */
		B4162AFD18F12DBE0077A655 /* PBXContainerItemProxy */ = {
			isa = PBXContainerItemProxy;
			containerPortal = B4162ACF18F12DBD0077A655 /* Project object */;
			proxyType = 1;
			remoteGlobalIDString = B4162AD618F12DBD0077A655;
			remoteInfo = Ex02_Property;
		};
/* End PBXContainerItemProxy section */

/* Begin PBXFileReference section */
		B4162AD718F12DBD0077A655 /* Ex02_Property.app */ = {isa = PBXFileReference; explicitFileType = wrapper.application; includeInIndex = 0; path = Ex02_Property.app; sourceTree = BUILT_PRODUCTS_DIR; };
		B4162ADA18F12DBD0077A655 /* Foundation.framework */ = {isa = PBXFileReference; lastKnownFileType = wrapper.framework; name = Foundation.framework; path = System/Library/Frameworks/Foundation.framework; sourceTree = SDKROOT; };
		B4162ADC18F12DBD0077A655 /* CoreGraphics.framework */ = {isa = PBXFileReference; lastKnownFileType = wrapper.framework; name = CoreGraphics.framework; path = System/Library/Frameworks/CoreGraphics.framework; sourceTree = SDKROOT; };
		B4162ADE18F12DBD0077A655 /* UIKit.framework */ = {isa = PBXFileReference; lastKnownFileType = wrapper.framework; name = UIKit.framework; path = System/Library/Frameworks/UIKit.framework; sourceTree = SDKROOT; };
		B4162AE218F12DBD0077A655 /* Ex02_Property-Info.plist */ = {isa = PBXFileReference; lastKnownFileType = text.plist.xml; path = "Ex02_Property-Info.plist"; sourceTree = "<group>"; };
		B4162AE418F12DBD0077A655 /* en */ = {isa = PBXFileReference; lastKnownFileType = text.plist.strings; name = en; path = en.lproj/InfoPlist.strings; sourceTree = "<group>"; };
		B4162AE618F12DBD0077A655 /* main.m */ = {isa = PBXFileReference; lastKnownFileType = sourcecode.c.objc; path = main.m; sourceTree = "<group>"; };
		B4162AE818F12DBD0077A655 /* Ex02_Property-Prefix.pch */ = {isa = PBXFileReference; lastKnownFileType = sourcecode.c.h; path = "Ex02_Property-Prefix.pch"; sourceTree = "<group>"; };
		B4162AE918F12DBD0077A655 /* AppDelegate.h */ = {isa = PBXFileReference; lastKnownFileType = sourcecode.c.h; path = AppDelegate.h; sourceTree = "<group>"; };
		B4162AEA18F12DBD0077A655 /* AppDelegate.m */ = {isa = PBXFileReference; lastKnownFileType = sourcecode.c.objc; path = AppDelegate.m; sourceTree = "<group>"; };
		B4162AED18F12DBD0077A655 /* Base */ = {isa = PBXFileReference; lastKnownFileType = file.storyboard; name = Base; path = Base.lproj/Main.storyboard; sourceTree = "<group>"; };
		B4162AEF18F12DBD0077A655 /* ViewController.h */ = {isa = PBXFileReference; lastKnownFileType = sourcecode.c.h; path = ViewController.h; sourceTree = "<group>"; };
		B4162AF018F12DBD0077A655 /* ViewController.m */ = {isa = PBXFileReference; lastKnownFileType = sourcecode.c.objc; path = ViewController.m; sourceTree = "<group>"; };
		B4162AF218F12DBD0077A655 /* Images.xcassets */ = {isa = PBXFileReference; lastKnownFileType = folder.assetcatalog; path = Images.xcassets; sourceTree = "<group>"; };
		B4162AF818F12DBE0077A655 /* Ex02_PropertyTests.xctest */ = {isa = PBXFileReference; explicitFileType = wrapper.cfbundle; includeInIndex = 0; path = Ex02_PropertyTests.xctest; sourceTree = BUILT_PRODUCTS_DIR; };
		B4162AF918F12DBE0077A655 /* XCTest.framework */ = {isa = PBXFileReference; lastKnownFileType = wrapper.framework; name = XCTest.framework; path = Library/Frameworks/XCTest.framework; sourceTree = DEVELOPER_DIR; };
		B4162B0118F12DBE0077A655 /* Ex02_PropertyTests-Info.plist */ = {isa = PBXFileReference; lastKnownFileType = text.plist.xml; path = "Ex02_PropertyTests-Info.plist"; sourceTree = "<group>"; };
		B4162B0318F12DBE0077A655 /* en */ = {isa = PBXFileReference; lastKnownFileType = text.plist.strings; name = en; path = en.lproj/InfoPlist.strings; sourceTree = "<group>"; };
		B4162B0518F12DBE0077A655 /* Ex02_PropertyTests.m */ = {isa = PBXFileReference; lastKnownFileType = sourcecode.c.objc; path = Ex02_PropertyTests.m; sourceTree = "<group>"; };
		B4162B0F18F12DDF0077A655 /* CalciTax.h */ = {isa = PBXFileReference; fileEncoding = 4; lastKnownFileType = sourcecode.c.h; path = CalciTax.h; sourceTree = "<group>"; };
		B4162B1018F12DDF0077A655 /* CalciTax.m */ = {isa = PBXFileReference; fileEncoding = 4; lastKnownFileType = sourcecode.c.objc; path = CalciTax.m; sourceTree = "<group>"; };
/* End PBXFileReference section */

/* Begin PBXFrameworksBuildPhase section */
		B4162AD418F12DBD0077A655 /* Frameworks */ = {
			isa = PBXFrameworksBuildPhase;
			buildActionMask = 2147483647;
			files = (
				B4162ADD18F12DBD0077A655 /* CoreGraphics.framework in Frameworks */,
				B4162ADF18F12DBD0077A655 /* UIKit.framework in Frameworks */,
				B4162ADB18F12DBD0077A655 /* Foundation.framework in Frameworks */,
			);
			runOnlyForDeploymentPostprocessing = 0;
		};
		B4162AF518F12DBE0077A655 /* Frameworks */ = {
			isa = PBXFrameworksBuildPhase;
			buildActionMask = 2147483647;
			files = (
				B4162AFA18F12DBE0077A655 /* XCTest.framework in Frameworks */,
				B4162AFC18F12DBE0077A655 /* UIKit.framework in Frameworks */,
				B4162AFB18F12DBE0077A655 /* Foundation.framework in Frameworks */,
			);
			runOnlyForDeploymentPostprocessing = 0;
		};
/* End PBXFrameworksBuildPhase section */

/* Begin PBXGroup section */
		B4162ACE18F12DBD0077A655 = {
			isa = PBXGroup;
			children = (
				B4162AE018F12DBD0077A655 /* Ex02_Property */,
				B4162AFF18F12DBE0077A655 /* Ex02_PropertyTests */,
				B4162AD918F12DBD0077A655 /* Frameworks */,
				B4162AD818F12DBD0077A655 /* Products */,
			);
			sourceTree = "<group>";
		};
		B4162AD818F12DBD0077A655 /* Products */ = {
			isa = PBXGroup;
			children = (
				B4162AD718F12DBD0077A655 /* Ex02_Property.app */,
				B4162AF818F12DBE0077A655 /* Ex02_PropertyTests.xctest */,
			);
			name = Products;
			sourceTree = "<group>";
		};
		B4162AD918F12DBD0077A655 /* Frameworks */ = {
			isa = PBXGroup;
			children = (
				B4162ADA18F12DBD0077A655 /* Foundation.framework */,
				B4162ADC18F12DBD0077A655 /* CoreGraphics.framework */,
				B4162ADE18F12DBD0077A655 /* UIKit.framework */,
				B4162AF918F12DBE0077A655 /* XCTest.framework */,
			);
			name = Frameworks;
			sourceTree = "<group>";
		};
		B4162AE018F12DBD0077A655 /* Ex02_Property */ = {
			isa = PBXGroup;
			children = (
				B4162AE918F12DBD0077A655 /* AppDelegate.h */,
				B4162AEA18F12DBD0077A655 /* AppDelegate.m */,
				B4162AEC18F12DBD0077A655 /* Main.storyboard */,
				B4162AEF18F12DBD0077A655 /* ViewController.h */,
				B4162AF018F12DBD0077A655 /* ViewController.m */,
				B4162AF218F12DBD0077A655 /* Images.xcassets */,
				B4162AE118F12DBD0077A655 /* Supporting Files */,
				B4162B0F18F12DDF0077A655 /* CalciTax.h */,
				B4162B1018F12DDF0077A655 /* CalciTax.m */,
			);
			path = Ex02_Property;
			sourceTree = "<group>";
		};
		B4162AE118F12DBD0077A655 /* Supporting Files */ = {
			isa = PBXGroup;
			children = (
				B4162AE218F12DBD0077A655 /* Ex02_Property-Info.plist */,
				B4162AE318F12DBD0077A655 /* InfoPlist.strings */,
				B4162AE618F12DBD0077A655 /* main.m */,
				B4162AE818F12DBD0077A655 /* Ex02_Property-Prefix.pch */,
			);
			name = "Supporting Files";
			sourceTree = "<group>";
		};
		B4162AFF18F12DBE0077A655 /* Ex02_PropertyTests */ = {
			isa = PBXGroup;
			children = (
				B4162B0518F12DBE0077A655 /* Ex02_PropertyTests.m */,
				B4162B0018F12DBE0077A655 /* Supporting Files */,
			);
			path = Ex02_PropertyTests;
			sourceTree = "<group>";
		};
		B4162B0018F12DBE0077A655 /* Supporting Files */ = {
			isa = PBXGroup;
			children = (
				B4162B0118F12DBE0077A655 /* Ex02_PropertyTests-Info.plist */,
				B4162B0218F12DBE0077A655 /* InfoPlist.strings */,
			);
			name = "Supporting Files";
			sourceTree = "<group>";
		};
/* End PBXGroup section */

/* Begin PBXNativeTarget section */
		B4162AD618F12DBD0077A655 /* Ex02_Property */ = {
			isa = PBXNativeTarget;
			buildConfigurationList = B4162B0918F12DBE0077A655 /* Build configuration list for PBXNativeTarget "Ex02_Property" */;
			buildPhases = (
				B4162AD318F12DBD0077A655 /* Sources */,
				B4162AD418F12DBD0077A655 /* Frameworks */,
				B4162AD518F12DBD0077A655 /* Resources */,
			);
			buildRules = (
			);
			dependencies = (
			);
			name = Ex02_Property;
			productName = Ex02_Property;
			productReference = B4162AD718F12DBD0077A655 /* Ex02_Property.app */;
			productType = "com.apple.product-type.application";
		};
		B4162AF718F12DBE0077A655 /* Ex02_PropertyTests */ = {
			isa = PBXNativeTarget;
			buildConfigurationList = B4162B0C18F12DBE0077A655 /* Build configuration list for PBXNativeTarget "Ex02_PropertyTests" */;
			buildPhases = (
				B4162AF418F12DBE0077A655 /* Sources */,
				B4162AF518F12DBE0077A655 /* Frameworks */,
				B4162AF618F12DBE0077A655 /* Resources */,
			);
			buildRules = (
			);
			dependencies = (
				B4162AFE18F12DBE0077A655 /* PBXTargetDependency */,
			);
			name = Ex02_PropertyTests;
			productName = Ex02_PropertyTests;
			productReference = B4162AF818F12DBE0077A655 /* Ex02_PropertyTests.xctest */;
			productType = "com.apple.product-type.bundle.unit-test";
		};
/* End PBXNativeTarget section */

/* Begin PBXProject section */
		B4162ACF18F12DBD0077A655 /* Project object */ = {
			isa = PBXProject;
			attributes = {
				LastUpgradeCheck = 0510;
				ORGANIZATIONNAME = nakasen.com;
				TargetAttributes = {
					B4162AF718F12DBE0077A655 = {
						TestTargetID = B4162AD618F12DBD0077A655;
					};
				};
			};
			buildConfigurationList = B4162AD218F12DBD0077A655 /* Build configuration list for PBXProject "Ex02_Property" */;
			compatibilityVersion = "Xcode 3.2";
			developmentRegion = English;
			hasScannedForEncodings = 0;
			knownRegions = (
				en,
				Base,
			);
			mainGroup = B4162ACE18F12DBD0077A655;
			productRefGroup = B4162AD818F12DBD0077A655 /* Products */;
			projectDirPath = "";
			projectRoot = "";
			targets = (
				B4162AD618F12DBD0077A655 /* Ex02_Property */,
				B4162AF718F12DBE0077A655 /* Ex02_PropertyTests */,
			);
		};
/* End PBXProject section */

/* Begin PBXResourcesBuildPhase section */
		B4162AD518F12DBD0077A655 /* Resources */ = {
			isa = PBXResourcesBuildPhase;
			buildActionMask = 2147483647;
			files = (
				B4162AF318F12DBD0077A655 /* Images.xcassets in Resources */,
				B4162AE518F12DBD0077A655 /* InfoPlist.strings in Resources */,
				B4162AEE18F12DBD0077A655 /* Main.storyboard in Resources */,
			);
			runOnlyForDeploymentPostprocessing = 0;
		};
		B4162AF618F12DBE0077A655 /* Resources */ = {
			isa = PBXResourcesBuildPhase;
			buildActionMask = 2147483647;
			files = (
				B4162B0418F12DBE0077A655 /* InfoPlist.strings in Resources */,
			);
			runOnlyForDeploymentPostprocessing = 0;
		};
/* End PBXResourcesBuildPhase section */

/* Begin PBXSourcesBuildPhase section */
		B4162AD318F12DBD0077A655 /* Sources */ = {
			isa = PBXSourcesBuildPhase;
			buildActionMask = 2147483647;
			files = (
				B4162AF118F12DBD0077A655 /* ViewController.m in Sources */,
				B4162AEB18F12DBD0077A655 /* AppDelegate.m in Sources */,
				B4162B1118F12DDF0077A655 /* CalciTax.m in Sources */,
				B4162AE718F12DBD0077A655 /* main.m in Sources */,
			);
			runOnlyForDeploymentPostprocessing = 0;
		};
		B4162AF418F12DBE0077A655 /* Sources */ = {
			isa = PBXSourcesBuildPhase;
			buildActionMask = 2147483647;
			files = (
				B4162B0618F12DBE0077A655 /* Ex02_PropertyTests.m in Sources */,
			);
			runOnlyForDeploymentPostprocessing = 0;
		};
/* End PBXSourcesBuildPhase section */

/* Begin PBXTargetDependency section */
		B4162AFE18F12DBE0077A655 /* PBXTargetDependency */ = {
			isa = PBXTargetDependency;
			target = B4162AD618F12DBD0077A655 /* Ex02_Property */;
			targetProxy = B4162AFD18F12DBE0077A655 /* PBXContainerItemProxy */;
		};
/* End PBXTargetDependency section */

/* Begin PBXVariantGroup section */
		B4162AE318F12DBD0077A655 /* InfoPlist.strings */ = {
			isa = PBXVariantGroup;
			children = (
				B4162AE418F12DBD0077A655 /* en */,
			);
			name = InfoPlist.strings;
			sourceTree = "<group>";
		};
		B4162AEC18F12DBD0077A655 /* Main.storyboard */ = {
			isa = PBXVariantGroup;
			children = (
				B4162AED18F12DBD0077A655 /* Base */,
			);
			name = Main.storyboard;
			sourceTree = "<group>";
		};
		B4162B0218F12DBE0077A655 /* InfoPlist.strings */ = {
			isa = PBXVariantGroup;
			children = (
				B4162B0318F12DBE0077A655 /* en */,
			);
			name = InfoPlist.strings;
			sourceTree = "<group>";
		};
/* End PBXVariantGroup section */

/* Begin XCBuildConfiguration section */
		B4162B0718F12DBE0077A655 /* Debug */ = {
			isa = XCBuildConfiguration;
			buildSettings = {
				ALWAYS_SEARCH_USER_PATHS = NO;
				CLANG_CXX_LANGUAGE_STANDARD = "gnu++0x";
				CLANG_CXX_LIBRARY = "libc++";
				CLANG_ENABLE_MODULES = YES;
				CLANG_ENABLE_OBJC_ARC = YES;
				CLANG_WARN_BOOL_CONVERSION = YES;
				CLANG_WARN_CONSTANT_CONVERSION = YES;
				CLANG_WARN_DIRECT_OBJC_ISA_USAGE = YES_ERROR;
				CLANG_WARN_EMPTY_BODY = YES;
				CLANG_WARN_ENUM_CONVERSION = YES;
				CLANG_WARN_INT_CONVERSION = YES;
				CLANG_WARN_OBJC_ROOT_CLASS = YES_ERROR;
				CLANG_WARN__DUPLICATE_METHOD_MATCH = YES;
				"CODE_SIGN_IDENTITY[sdk=iphoneos*]" = "iPhone Developer";
				COPY_PHASE_STRIP = NO;
				GCC_C_LANGUAGE_STANDARD = gnu99;
				GCC_DYNAMIC_NO_PIC = NO;
				GCC_OPTIMIZATION_LEVEL = 0;
				GCC_PREPROCESSOR_DEFINITIONS = (
					"DEBUG=1",
					"$(inherited)",
				);
				GCC_SYMBOLS_PRIVATE_EXTERN = NO;
				GCC_WARN_64_TO_32_BIT_CONVERSION = YES;
				GCC_WARN_ABOUT_RETURN_TYPE = YES_ERROR;
				GCC_WARN_UNDECLARED_SELECTOR = YES;
				GCC_WARN_UNINITIALIZED_AUTOS = YES_AGGRESSIVE;
				GCC_WARN_UNUSED_FUNCTION = YES;
				GCC_WARN_UNUSED_VARIABLE = YES;
				IPHONEOS_DEPLOYMENT_TARGET = 7.1;
				ONLY_ACTIVE_ARCH = YES;
				SDKROOT = iphoneos;
			};
			name = Debug;
		};
		B4162B0818F12DBE0077A655 /* Release */ = {
			isa = XCBuildConfiguration;
			buildSettings = {
				ALWAYS_SEARCH_USER_PATHS = NO;
				CLANG_CXX_LANGUAGE_STANDARD = "gnu++0x";
				CLANG_CXX_LIBRARY = "libc++";
				CLANG_ENABLE_MODULES = YES;
				CLANG_ENABLE_OBJC_ARC = YES;
				CLANG_WARN_BOOL_CONVERSION = YES;
				CLANG_WARN_CONSTANT_CONVERSION = YES;
				CLANG_WARN_DIRECT_OBJC_ISA_USAGE = YES_ERROR;
				CLANG_WARN_EMPTY_BODY = YES;
				CLANG_WARN_ENUM_CONVERSION = YES;
				CLANG_WARN_INT_CONVERSION = YES;
				CLANG_WARN_OBJC_ROOT_CLASS = YES_ERROR;
				CLANG_WARN__DUPLICATE_METHOD_MATCH = YES;
				"CODE_SIGN_IDENTITY[sdk=iphoneos*]" = "iPhone Developer";
				COPY_PHASE_STRIP = YES;
				ENABLE_NS_ASSERTIONS = NO;
				GCC_C_LANGUAGE_STANDARD = gnu99;
				GCC_WARN_64_TO_32_BIT_CONVERSION = YES;
				GCC_WARN_ABOUT_RETURN_TYPE = YES_ERROR;
				GCC_WARN_UNDECLARED_SELECTOR = YES;
				GCC_WARN_UNINITIALIZED_AUTOS = YES_AGGRESSIVE;
				GCC_WARN_UNUSED_FUNCTION = YES;
				GCC_WARN_UNUSED_VARIABLE = YES;
				IPHONEOS_DEPLOYMENT_TARGET = 7.1;
				SDKROOT = iphoneos;
				VALIDATE_PRODUCT = YES;
			};
			name = Release;
		};
		B4162B0A18F12DBE0077A655 /* Debug */ = {
			isa = XCBuildConfiguration;
			buildSettings = {
				ASSETCATALOG_COMPILER_APPICON_NAME = AppIcon;
				ASSETCATALOG_COMPILER_LAUNCHIMAGE_NAME = LaunchImage;
				GCC_PRECOMPILE_PREFIX_HEADER = YES;
				GCC_PREFIX_HEADER = "Ex02_Property/Ex02_Property-Prefix.pch";
				INFOPLIST_FILE = "Ex02_Property/Ex02_Property-Info.plist";
				PRODUCT_NAME = "$(TARGET_NAME)";
				WRAPPER_EXTENSION = app;
			};
			name = Debug;
		};
		B4162B0B18F12DBE0077A655 /* Release */ = {
			isa = XCBuildConfiguration;
			buildSettings = {
				ASSETCATALOG_COMPILER_APPICON_NAME = AppIcon;
				ASSETCATALOG_COMPILER_LAUNCHIMAGE_NAME = LaunchImage;
				GCC_PRECOMPILE_PREFIX_HEADER = YES;
				GCC_PREFIX_HEADER = "Ex02_Property/Ex02_Property-Prefix.pch";
				INFOPLIST_FILE = "Ex02_Property/Ex02_Property-Info.plist";
				PRODUCT_NAME = "$(TARGET_NAME)";
				WRAPPER_EXTENSION = app;
			};
			name = Release;
		};
		B4162B0D18F12DBE0077A655 /* Debug */ = {
			isa = XCBuildConfiguration;
			buildSettings = {
				BUNDLE_LOADER = "$(BUILT_PRODUCTS_DIR)/Ex02_Property.app/Ex02_Property";
				FRAMEWORK_SEARCH_PATHS = (
					"$(SDKROOT)/Developer/Library/Frameworks",
					"$(inherited)",
					"$(DEVELOPER_FRAMEWORKS_DIR)",
				);
				GCC_PRECOMPILE_PREFIX_HEADER = YES;
				GCC_PREFIX_HEADER = "Ex02_Property/Ex02_Property-Prefix.pch";
				GCC_PREPROCESSOR_DEFINITIONS = (
					"DEBUG=1",
					"$(inherited)",
				);
				INFOPLIST_FILE = "Ex02_PropertyTests/Ex02_PropertyTests-Info.plist";
				PRODUCT_NAME = "$(TARGET_NAME)";
				TEST_HOST = "$(BUNDLE_LOADER)";
				WRAPPER_EXTENSION = xctest;
			};
			name = Debug;
		};
		B4162B0E18F12DBE0077A655 /* Release */ = {
			isa = XCBuildConfiguration;
			buildSettings = {
				BUNDLE_LOADER = "$(BUILT_PRODUCTS_DIR)/Ex02_Property.app/Ex02_Property";
				FRAMEWORK_SEARCH_PATHS = (
					"$(SDKROOT)/Developer/Library/Frameworks",
					"$(inherited)",
					"$(DEVELOPER_FRAMEWORKS_DIR)",
				);
				GCC_PRECOMPILE_PREFIX_HEADER = YES;
				GCC_PREFIX_HEADER = "Ex02_Property/Ex02_Property-Prefix.pch";
				INFOPLIST_FILE = "Ex02_PropertyTests/Ex02_PropertyTests-Info.plist";
				PRODUCT_NAME = "$(TARGET_NAME)";
				TEST_HOST = "$(BUNDLE_LOADER)";
				WRAPPER_EXTENSION = xctest;
			};
			name = Release;
		};
/* End XCBuildConfiguration section */

/* Begin XCConfigurationList section */
		B4162AD218F12DBD0077A655 /* Build configuration list for PBXProject "Ex02_Property" */ = {
			isa = XCConfigurationList;
			buildConfigurations = (
				B4162B0718F12DBE0077A655 /* Debug */,
				B4162B0818F12DBE0077A655 /* Release */,
			);
			defaultConfigurationIsVisible = 0;
			defaultConfigurationName = Release;
		};
		B4162B0918F12DBE0077A655 /* Build configuration list for PBXNativeTarget "Ex02_Property" */ = {
			isa = XCConfigurationList;
			buildConfigurations = (
				B4162B0A18F12DBE0077A655 /* Debug */,
				B4162B0B18F12DBE0077A655 /* Release */,
			);
			defaultConfigurationIsVisible = 0;
		};
		B4162B0C18F12DBE0077A655 /* Build configuration list for PBXNativeTarget "Ex02_PropertyTests" */ = {
			isa = XCConfigurationList;
			buildConfigurations = (
				B4162B0D18F12DBE0077A655 /* Debug */,
				B4162B0E18F12DBE0077A655 /* Release */,
			);
			defaultConfigurationIsVisible = 0;
		};
/* End XCConfigurationList section */
	};
	rootObject = B4162ACF18F12DBD0077A655 /* Project object */;
}
